{
  "lockfile_version": "1",
  "packages": {
    "cargo-deny@0.20.2": {
      "last_modified": "2026-07-23T05:10:05Z",
      "resolved": "github:NixOS/nixpkgs/7525d999cd850b9a488817abc89c75dc733acf17#cargo-deny",
      "source": "devbox-search",
      "version": "0.20.2",
      "systems": {
        "aarch64-darwin": {
          "outputs": [
            {
              "name": "out",
              "path": "/nix/store/fhi0fzcsdwc73cgmy3ib1qmicb4q4nd9-cargo-deny-0.20.2",
              "default": true
            }
          ],
          "store_path": "/nix/store/fhi0fzcsdwc73cgmy3ib1qmicb4q4nd9-cargo-deny-0.20.2"
        },
        "aarch64-linux": {
          "outputs": [
            {
              "name": "out",
              "path": "/nix/store/881cbf5yp1sc325p08h670vqwhy2fhym-cargo-deny-0.20.2",
              "default": true
            }
          ],
          "store_path": "/nix/store/881cbf5yp1sc325p08h670vqwhy2fhym-cargo-deny-0.20.2"
        },
        "x86_64-linux": {
          "outputs": [
            {
              "name": "out",
              "path": "/nix/store/r6fcif3d6z1r38gzbls6zscfrd5bvm82-cargo-deny-0.20.2",
              "default": true
            }
          ],
          "store_path": "/nix/store/r6fcif3d6z1r38gzbls6zscfrd5bvm82-cargo-deny-0.20.2"
        }
      }
    },
    "ffmpeg-full@8.1.2": {
      "last_modified": "2026-07-23T13:11:22Z",
      "resolved": "github:NixOS/nixpkgs/6d12004108e0e4a5cfa4bd83b14477f040b15773#ffmpeg-full",
      "source": "devbox-search",
      "version": "8.1.2",
      "systems": {
        "aarch64-darwin": {
          "outputs": [
            {
              "name": "bin",
              "path": "/nix/store/zcn258qkn9pf26aypl3yyp6qc8wkym7r-ffmpeg-full-8.1.2-bin",
              "default": true
            },
            {
              "name": "man",
              "path": "/nix/store/94rcq8c45s8r523mzlsi2bj2ld2pl966-ffmpeg-full-8.1.2-man",
              "default": true
            },
            {
              "name": "data",
              "path": "/nix/store/1c2f9jacamxi3wiih1h8zxgy3qyq7mad-ffmpeg-full-8.1.2-data"
            },
            {
              "name": "dev",
              "path": "/nix/store/5ky6hw3fjzglm1w43vklinnrbghyg763-ffmpeg-full-8.1.2-dev"
            },
            {
              "name": "doc",
              "path": "/nix/store/4akd8frln3aap9k4w95gr24n7kbrbahy-ffmpeg-full-8.1.2-doc"
            },
            {
              "name": "lib",
              "path": "/nix/store/c9i0pcgbq57r4i7nfznvwig29rn50a5p-ffmpeg-full-8.1.2-lib"
            },
            {
              "name": "out",
              "path": "/nix/store/fr1ib8li5qfjd5krxylbqisd8wmv7ymr-ffmpeg-full-8.1.2"
            }
          ],
          "store_path": "/nix/store/zcn258qkn9pf26aypl3yyp6qc8wkym7r-ffmpeg-full-8.1.2-bin"
        },
        "aarch64-linux": {
          "outputs": [
            {
              "name": "bin",
              "path": "/nix/store/mk7l25lyib5rbx8wymfcnzccifwb6v73-ffmpeg-full-8.1.2-bin",
              "default": true
            },
            {
              "name": "man",
              "path": "/nix/store/ssqwlrlgbp38fjgnyx4sifgs4wmac2mk-ffmpeg-full-8.1.2-man",
              "default": true
            },
            {
              "name": "doc",
              "path": "/nix/store/zxra5j9iplbfwvjcd5bn8q7lwigf5a3y-ffmpeg-full-8.1.2-doc"
            },
            {
              "name": "lib",
              "path": "/nix/store/dmbamiixsa7d8bws8gcz2i656zrjdjb7-ffmpeg-full-8.1.2-lib"
            },
            {
              "name": "out",
              "path": "/nix/store/pbb8mwsagxs5ym9qx1sghwl3w7fvl5cm-ffmpeg-full-8.1.2"
            },
            {
              "name": "data",
              "path": "/nix/store/713gla0hhlp60crq9qqjsf66jc8ik0rj-ffmpeg-full-8.1.2-data"
            },
            {
              "name": "dev",
              "path": "/nix/store/9pss6v3z8zva8pzxa981qc976aq8lkgn-ffmpeg-full-8.1.2-dev"
            }
          ],
          "store_path": "/nix/store/mk7l25lyib5rbx8wymfcnzccifwb6v73-ffmpeg-full-8.1.2-bin"
        },
        "x86_64-linux": {
          "outputs": [
            {
              "name": "bin",
              "path": "/nix/store/bhp271681ik7dp7ld728w7nac4nk4r9l-ffmpeg-full-8.1.2-bin",
              "default": true
            },
            {
              "name": "man",
              "path": "/nix/store/h6b8p3m07gakxq2phyv7wrf2rhi7af33-ffmpeg-full-8.1.2-man",
              "default": true
            },
            {
              "name": "out",
              "path": "/nix/store/qzwyp441x9nn4wl3m469wz1kvzzx4qpi-ffmpeg-full-8.1.2"
            },
            {
              "name": "data",
              "path": "/nix/store/q0xnd8nvs1j6apmz81akbnsd5xx3zn8r-ffmpeg-full-8.1.2-data"
            },
            {
              "name": "dev",
              "path": "/nix/store/vml6bzcsmnkvncaxx430bdqb6506m1la-ffmpeg-full-8.1.2-dev"
            },
            {
              "name": "doc",
              "path": "/nix/store/rarb73wmypra11shlk0gg0b8wmvqhra1-ffmpeg-full-8.1.2-doc"
            },
            {
              "name": "lib",
              "path": "/nix/store/b7pis3lw8sssbwx6c6xi67iqyh0825a3-ffmpeg-full-8.1.2-lib"
            }
          ],
          "store_path": "/nix/store/bhp271681ik7dp7ld728w7nac4nk4r9l-ffmpeg-full-8.1.2-bin"
        }
      }
    },
    "github:NixOS/nixpkgs/nixpkgs-unstable": {
      "last_modified": "2026-07-26T16:08:32Z",
      "resolved": "github:NixOS/nixpkgs/e318e6adc497b5e8a5ac433c6c6ed21ecdab9029?lastModified=1785082112&narHash=sha256-Y7z%2FnrPajIJyVDd9z53ZPZGm0HU%2Bkej16Pwt2cNYI0A%3D"
    },
    "libaom@3.12.1": {
      "last_modified": "2026-07-23T05:10:05Z",
      "resolved": "github:NixOS/nixpkgs/7525d999cd850b9a488817abc89c75dc733acf17#libaom",
      "source": "devbox-search",
      "version": "3.12.1",
      "systems": {
        "aarch64-darwin": {
          "outputs": [
            {
              "name": "out",
              "path": "/nix/store/1j2r8dp5miy20my1vdn15imvlwyca085-libaom-3.12.1",
              "default": true
            },
            {
              "name": "bin",
              "path": "/nix/store/4iv2hd5dsxvmj15bphy87jmj8ijj0555-libaom-3.12.1-bin",
              "default": true
            },
            {
              "name": "dev",
              "path": "/nix/store/0jlwvn6sgambs9rqd6acqi60as2b42ki-libaom-3.12.1-dev"
            },
            {
              "name": "static",
              "path": "/nix/store/f9hap0686y5amdlgilw76mihjdp42kqq-libaom-3.12.1-static"
            }
          ],
          "store_path": "/nix/store/1j2r8dp5miy20my1vdn15imvlwyca085-libaom-3.12.1"
        },
        "aarch64-linux": {
          "outputs": [
            {
              "name": "out",
              "path": "/nix/store/7zqasv6szzw0ri22haja9rxbmf2s87wh-libaom-3.12.1",
              "default": true
            },
            {
              "name": "bin",
              "path": "/nix/store/1q0qd1z6sggyaclvnvlaicr6f53p7kcx-libaom-3.12.1-bin",
              "default": true
            },
            {
              "name": "dev",
              "path": "/nix/store/qasm8drnp2wh4zikja2yjkrz77rs9brz-libaom-3.12.1-dev"
            },
            {
              "name": "static",
              "path": "/nix/store/hff8kqnq4zzhc95yym4vqdijnsa1bk83-libaom-3.12.1-static"
            }
          ],
          "store_path": "/nix/store/7zqasv6szzw0ri22haja9rxbmf2s87wh-libaom-3.12.1"
        },
        "x86_64-darwin": {
          "outputs": [
            {
              "name": "out",
              "path": "/nix/store/y56vyahmlivfir66r2fnjiaw8zqjbcww-libaom-3.12.1",
              "default": true
            },
            {
              "name": "bin",
              "path": "/nix/store/dha4pvy6xxw8z1qgxj33ph2h13qfvgz8-libaom-3.12.1-bin",
              "default": true
            },
            {
              "name": "static",
              "path": "/nix/store/8vznw3ybw0nnhvx9mhg3zvwhd1rcw2h7-libaom-3.12.1-static"
            },
            {
              "name": "dev",
              "path": "/nix/store/2vs1q9kp3wf53kkf0540i78z8hgk849j-libaom-3.12.1-dev"
            }
          ],
          "store_path": "/nix/store/y56vyahmlivfir66r2fnjiaw8zqjbcww-libaom-3.12.1"
        },
        "x86_64-linux": {
          "outputs": [
            {
              "name": "out",
              "path": "/nix/store/hyfgfcksfg1r2xrn7475c9wi2mnx4h6k-libaom-3.12.1",
              "default": true
            },
            {
              "name": "bin",
              "path": "/nix/store/s7scm8rpsd5pdx333nqdk7zq88zmyg6z-libaom-3.12.1-bin",
              "default": true
            },
            {
              "name": "dev",
              "path": "/nix/store/0pchzkz29vkws74nlgjk2ch3pvb1pnf9-libaom-3.12.1-dev"
            },
            {
              "name": "static",
              "path": "/nix/store/1xrjnyn875pszxq2jzfrnick6afhnvn5-libaom-3.12.1-static"
            }
          ],
          "store_path": "/nix/store/hyfgfcksfg1r2xrn7475c9wi2mnx4h6k-libaom-3.12.1"
        }
      }
    },
    "libclang@21.1.8": {
      "last_modified": "2026-07-23T05:10:05Z",
      "resolved": "github:NixOS/nixpkgs/7525d999cd850b9a488817abc89c75dc733acf17#libclang",
      "source": "devbox-search",
      "version": "21.1.8",
      "systems": {
        "aarch64-darwin": {
          "outputs": [
            {
              "name": "out",
              "path": "/nix/store/v3f2y03xn6a84p5yz6dqqcvkv8bqxrkd-clang-21.1.8",
              "default": true
            },
            {
              "name": "dev",
              "path": "/nix/store/i4gpg7jsqqwnxahr7x7xga7bqcsr2awd-clang-21.1.8-dev"
            },
            {
              "name": "lib",
              "path": "/nix/store/gzrdifibqh51c5yhz6zw50yadwzycvlb-clang-21.1.8-lib"
            },
            {
              "name": "python",
              "path": "/nix/store/qcy0mhq98lqv38jc62dp0csyiasibjvb-clang-21.1.8-python"
            }
          ],
          "store_path": "/nix/store/v3f2y03xn6a84p5yz6dqqcvkv8bqxrkd-clang-21.1.8"
        },
        "aarch64-linux": {
          "outputs": [
            {
              "name": "out",
              "path": "/nix/store/m29b167hmla0amrnh6d0i0n5h78mic9f-clang-21.1.8",
              "default": true
            },
            {
              "name": "dev",
              "path": "/nix/store/ssjd2vv2k5d23jw799hh8zar15b4lvyx-clang-21.1.8-dev"
            },
            {
              "name": "lib",
              "path": "/nix/store/6f1pv4vrkxz83cz4raqnjpwa7m4mqjw6-clang-21.1.8-lib"
            },
            {
              "name": "python",
              "path": "/nix/store/38k04i18ygdmm2d3m554vcj3yqi8pbx1-clang-21.1.8-python"
            },
            {
              "name": "debug",
              "path": "/nix/store/db7ip1pxrm0sfljn07i44xla55538d8w-clang-21.1.8-debug"
            }
          ],
          "store_path": "/nix/store/m29b167hmla0amrnh6d0i0n5h78mic9f-clang-21.1.8"
        },
        "x86_64-darwin": {
          "outputs": [
            {
              "name": "out",
              "path": "/nix/store/i90sjn9ja8fd0r52dkiidvdqqbqvja4k-clang-21.1.8",
              "default": true
            },
            {
              "name": "dev",
              "path": "/nix/store/x548sh4xxcdqlmpdxl0782khqmjrkkdz-clang-21.1.8-dev"
            },
            {
              "name": "lib",
              "path": "/nix/store/agysx04idaami2sf2qdrrx988f8r31n7-clang-21.1.8-lib"
            },
            {
              "name": "python",
              "path": "/nix/store/1g53yiczg5na8s30h0n4r8pz0lnlclh2-clang-21.1.8-python"
            }
          ],
          "store_path": "/nix/store/i90sjn9ja8fd0r52dkiidvdqqbqvja4k-clang-21.1.8"
        },
        "x86_64-linux": {
          "outputs": [
            {
              "name": "out",
              "path": "/nix/store/546z2n8r63az6sbi68gddc9pz62p7mxa-clang-21.1.8",
              "default": true
            },
            {
              "name": "debug",
              "path": "/nix/store/s2hs28369rzsxfld7v0nylvvs77slcd8-clang-21.1.8-debug"
            },
            {
              "name": "dev",
              "path": "/nix/store/1428qld56fkn2mjdjg6l4ky96idiynx4-clang-21.1.8-dev"
            },
            {
              "name": "lib",
              "path": "/nix/store/63vszz1y8lw6xqjipsw6bh56105nw894-clang-21.1.8-lib"
            },
            {
              "name": "python",
              "path": "/nix/store/ksjhknrjdp9shkpg5h8zqp8jzdlvqw4r-clang-21.1.8-python"
            }
          ],
          "store_path": "/nix/store/546z2n8r63az6sbi68gddc9pz62p7mxa-clang-21.1.8"
        }
      }
    },
    "libvpx@1.16.0": {
      "last_modified": "2026-07-23T05:10:05Z",
      "resolved": "github:NixOS/nixpkgs/7525d999cd850b9a488817abc89c75dc733acf17#libvpx",
      "source": "devbox-search",
      "version": "1.16.0",
      "systems": {
        "aarch64-darwin": {
          "outputs": [
            {
              "name": "bin",
              "path": "/nix/store/493qi9arvx4paizbx978463lhjl6c4h0-libvpx-1.16.0-bin",
              "default": true
            },
            {
              "name": "dev",
              "path": "/nix/store/dhwc2gxcfx9d66242yf8fbj3hxj8vhd7-libvpx-1.16.0-dev"
            },
            {
              "name": "out",
              "path": "/nix/store/d94fq6mcaqh6w6padp31x9x51jw0jmz5-libvpx-1.16.0"
            }
          ],
          "store_path": "/nix/store/493qi9arvx4paizbx978463lhjl6c4h0-libvpx-1.16.0-bin"
        },
        "aarch64-linux": {
          "outputs": [
            {
              "name": "bin",
              "path": "/nix/store/yzfc9dcmrir1ibg0s3fv8iyhv313nrza-libvpx-1.16.0-bin",
              "default": true
            },
            {
              "name": "dev",
              "path": "/nix/store/0i4q7diq81lnxifvgyx1wbywmd411rns-libvpx-1.16.0-dev"
            },
            {
              "name": "out",
              "path": "/nix/store/j2kh04y5pklkgirdwry2c1d9h2rj6dvg-libvpx-1.16.0"
            }
          ],
          "store_path": "/nix/store/yzfc9dcmrir1ibg0s3fv8iyhv313nrza-libvpx-1.16.0-bin"
        },
        "x86_64-darwin": {
          "outputs": [
            {
              "name": "bin",
              "path": "/nix/store/6mka8b5rib1g4jvggjl4xbkbnrmk4njb-libvpx-1.16.0-bin",
              "default": true
            },
            {
              "name": "dev",
              "path": "/nix/store/gav6qlzi1z6l10hdn5vnagw2r5gi3xyh-libvpx-1.16.0-dev"
            },
            {
              "name": "out",
              "path": "/nix/store/01w180y2vsia4my0l3xjm1mcr898c87l-libvpx-1.16.0"
            }
          ],
          "store_path": "/nix/store/6mka8b5rib1g4jvggjl4xbkbnrmk4njb-libvpx-1.16.0-bin"
        },
        "x86_64-linux": {
          "outputs": [
            {
              "name": "bin",
              "path": "/nix/store/q0k3gx5pkac0fs7f51zsljv6pw3k01qn-libvpx-1.16.0-bin",
              "default": true
            },
            {
              "name": "dev",
              "path": "/nix/store/smv221dq5649vfnvl3p2v4bgi4qmmd62-libvpx-1.16.0-dev"
            },
            {
              "name": "out",
              "path": "/nix/store/8rrkjbxz87r6kl27f7kss1433i5vs8rl-libvpx-1.16.0"
            }
          ],
          "store_path": "/nix/store/q0k3gx5pkac0fs7f51zsljv6pw3k01qn-libvpx-1.16.0-bin"
        }
      }
    },
    "mkvtoolnix-cli@97.0": {
      "last_modified": "2026-03-21T07:29:51Z",
      "resolved": "github:NixOS/nixpkgs/09061f748ee21f68a089cd5d91ec1859cd93d0be#mkvtoolnix-cli",
      "source": "devbox-search",
      "version": "97.0",
      "systems": {
        "aarch64-darwin": {
          "outputs": [
            {
              "name": "out",
              "path": "/nix/store/8gnhaj90qbjcl7v5z0hri5l38vxiy9xz-mkvtoolnix-97.0",
              "default": true
            }
          ],
          "store_path": "/nix/store/8gnhaj90qbjcl7v5z0hri5l38vxiy9xz-mkvtoolnix-97.0"
        },
        "aarch64-linux": {
          "outputs": [
            {
              "name": "out",
              "path": "/nix/store/dn1c6a0sf0ycz4n0fd78vwy0f1w59ngq-mkvtoolnix-97.0",
              "default": true
            }
          ],
          "store_path": "/nix/store/dn1c6a0sf0ycz4n0fd78vwy0f1w59ngq-mkvtoolnix-97.0"
        },
        "x86_64-darwin": {
          "outputs": [
            {
              "name": "out",
              "path": "/nix/store/sh5sw5bjzp498l87vfr5a70hvx5hwwkm-mkvtoolnix-97.0",
              "default": true
            }
          ],
          "store_path": "/nix/store/sh5sw5bjzp498l87vfr5a70hvx5hwwkm-mkvtoolnix-97.0"
        },
        "x86_64-linux": {
          "outputs": [
            {
              "name": "out",
              "path": "/nix/store/0rqihimkfrp8d0qh90yxx94dyzrldvkf-mkvtoolnix-97.0",
              "default": true
            }
          ],
          "store_path": "/nix/store/0rqihimkfrp8d0qh90yxx94dyzrldvkf-mkvtoolnix-97.0"
        }
      }
    },
    "nasm@3.01": {
      "last_modified": "2026-07-08T21:13:06Z",
      "resolved": "github:NixOS/nixpkgs/389ed85304b281ca7f306cf8a1eb4378651ca44e#nasm",
      "source": "devbox-search",
      "version": "3.01",
      "systems": {
        "aarch64-darwin": {
          "outputs": [
            {
              "name": "out",
              "path": "/nix/store/lhqh94wilf3qzhl8gizasnsld2bfr138-nasm-3.01",
              "default": true
            }
          ],
          "store_path": "/nix/store/lhqh94wilf3qzhl8gizasnsld2bfr138-nasm-3.01"
        },
        "aarch64-linux": {
          "outputs": [
            {
              "name": "out",
              "path": "/nix/store/j61qnwm9n9xhpmb1yc7p24n9v776hvvc-nasm-3.01",
              "default": true
            }
          ],
          "store_path": "/nix/store/j61qnwm9n9xhpmb1yc7p24n9v776hvvc-nasm-3.01"
        },
        "x86_64-darwin": {
          "outputs": [
            {
              "name": "out",
              "path": "/nix/store/1rgzx3i28pryrhap3bbadm7h0nnkr2hy-nasm-3.01",
              "default": true
            }
          ],
          "store_path": "/nix/store/1rgzx3i28pryrhap3bbadm7h0nnkr2hy-nasm-3.01"
        },
        "x86_64-linux": {
          "outputs": [
            {
              "name": "out",
              "path": "/nix/store/bzjmd451pmj31s3j05apwd1mix6p4i0m-nasm-3.01",
              "default": true
            }
          ],
          "store_path": "/nix/store/bzjmd451pmj31s3j05apwd1mix6p4i0m-nasm-3.01"
        }
      }
    },
    "pkg-config@0.29.2": {
      "last_modified": "2025-11-23T21:50:36Z",
      "resolved": "github:NixOS/nixpkgs/ee09932cedcef15aaf476f9343d1dea2cb77e261#pkg-config",
      "source": "devbox-search",
      "version": "0.29.2",
      "systems": {
        "aarch64-darwin": {
          "outputs": [
            {
              "name": "out",
              "path": "/nix/store/hygaaqwk9ylklp0ybwppqhw75nz8ya41-pkg-config-wrapper-0.29.2",
              "default": true
            },
            {
              "name": "man",
              "path": "/nix/store/9px0sji43x3r2w4zxl3j3idwsql7lwxx-pkg-config-wrapper-0.29.2-man",
              "default": true
            },
            {
              "name": "doc",
              "path": "/nix/store/hqk44ra6qxw7iixardl6c3hdgb9kq6ns-pkg-config-wrapper-0.29.2-doc"
            }
          ],
          "store_path": "/nix/store/hygaaqwk9ylklp0ybwppqhw75nz8ya41-pkg-config-wrapper-0.29.2"
        },
        "aarch64-linux": {
          "outputs": [
            {
              "name": "out",
              "path": "/nix/store/lbiigi8qbp7mzf1lpr7p982l1kyf01ql-pkg-config-wrapper-0.29.2",
              "default": true
            },
            {
              "name": "man",
              "path": "/nix/store/10060k24qggqyzlwdsfmni9y32zxcg0j-pkg-config-wrapper-0.29.2-man",
              "default": true
            },
            {
              "name": "doc",
              "path": "/nix/store/0y4v51ndpyvkj09hwlfqkz0c3h17zfmc-pkg-config-wrapper-0.29.2-doc"
            }
          ],
          "store_path": "/nix/store/lbiigi8qbp7mzf1lpr7p982l1kyf01ql-pkg-config-wrapper-0.29.2"
        },
        "x86_64-darwin": {
          "outputs": [
            {
              "name": "out",
              "path": "/nix/store/vknadizq0q5kffvx6y4379p9gdry9zq3-pkg-config-wrapper-0.29.2",
              "default": true
            },
            {
              "name": "man",
              "path": "/nix/store/1nyspra675q22gfhf7hn2nmfpi6rgim5-pkg-config-wrapper-0.29.2-man",
              "default": true
            },
            {
              "name": "doc",
              "path": "/nix/store/7lq1axxwrafwljs06n88bzyz9w523rkc-pkg-config-wrapper-0.29.2-doc"
            }
          ],
          "store_path": "/nix/store/vknadizq0q5kffvx6y4379p9gdry9zq3-pkg-config-wrapper-0.29.2"
        },
        "x86_64-linux": {
          "outputs": [
            {
              "name": "out",
              "path": "/nix/store/8vdiwpbh0g4avsd6x5v4s0di32vcl3dp-pkg-config-wrapper-0.29.2",
              "default": true
            },
            {
              "name": "man",
              "path": "/nix/store/j9xfpnrygg3v37svc5pfin9q5bm49r94-pkg-config-wrapper-0.29.2-man",
              "default": true
            },
            {
              "name": "doc",
              "path": "/nix/store/x3bypxdxaq20kykybhkf21x4jczsiy8y-pkg-config-wrapper-0.29.2-doc"
            }
          ],
          "store_path": "/nix/store/8vdiwpbh0g4avsd6x5v4s0di32vcl3dp-pkg-config-wrapper-0.29.2"
        }
      }
    },
    "pre-commit@4.5.1": {
      "last_modified": "2026-07-23T05:10:05Z",
      "resolved": "github:NixOS/nixpkgs/7525d999cd850b9a488817abc89c75dc733acf17#pre-commit",
      "source": "devbox-search",
      "version": "4.5.1",
      "systems": {
        "aarch64-darwin": {
          "outputs": [
            {
              "name": "out",
              "path": "/nix/store/zy4s7p53x911n0rngl0v3sarpg1qc43r-pre-commit-4.5.1",
              "default": true
            },
            {
              "name": "dist",
              "path": "/nix/store/g6jg597amf2f0ikhlii3iw8z3rriwx1c-pre-commit-4.5.1-dist"
            }
          ],
          "store_path": "/nix/store/zy4s7p53x911n0rngl0v3sarpg1qc43r-pre-commit-4.5.1"
        },
        "aarch64-linux": {
          "outputs": [
            {
              "name": "out",
              "path": "/nix/store/pf982haqw9f5nbas63xhxlqwdbgz0p7w-pre-commit-4.5.1",
              "default": true
            },
            {
              "name": "dist",
              "path": "/nix/store/qcmqnda32vcn9jiird3whjs4k2s8bq7j-pre-commit-4.5.1-dist"
            }
          ],
          "store_path": "/nix/store/pf982haqw9f5nbas63xhxlqwdbgz0p7w-pre-commit-4.5.1"
        },
        "x86_64-darwin": {
          "outputs": [
            {
              "name": "out",
              "path": "/nix/store/51i9rjiyhdnxd96rp3cc8ykhcld7zhqq-pre-commit-4.5.1",
              "default": true
            },
            {
              "name": "dist",
              "path": "/nix/store/hphzzlh3q6nz74px0mq2a1h7yqkyr35b-pre-commit-4.5.1-dist"
            }
          ],
          "store_path": "/nix/store/51i9rjiyhdnxd96rp3cc8ykhcld7zhqq-pre-commit-4.5.1"
        },
        "x86_64-linux": {
          "outputs": [
            {
              "name": "out",
              "path": "/nix/store/m9v9ypkyq41mcvdvsvivjkwgdygzdkbp-pre-commit-4.5.1",
              "default": true
            },
            {
              "name": "dist",
              "path": "/nix/store/lq6lbw29brd4rj8jlgzmqp151sxbwcy4-pre-commit-4.5.1-dist"
            }
          ],
          "store_path": "/nix/store/m9v9ypkyq41mcvdvsvivjkwgdygzdkbp-pre-commit-4.5.1"
        }
      }
    },
    "rav1e@0.8.1": {
      "last_modified": "2026-07-23T05:10:05Z",
      "resolved": "github:NixOS/nixpkgs/7525d999cd850b9a488817abc89c75dc733acf17#rav1e",
      "source": "devbox-search",
      "version": "0.8.1",
      "systems": {
        "aarch64-darwin": {
          "outputs": [
            {
              "name": "out",
              "path": "/nix/store/r392z8a9ig0fw3zasi3m6ghfbc86q4p1-rav1e-0.8.1",
              "default": true
            }
          ],
          "store_path": "/nix/store/r392z8a9ig0fw3zasi3m6ghfbc86q4p1-rav1e-0.8.1"
        },
        "aarch64-linux": {
          "outputs": [
            {
              "name": "out",
              "path": "/nix/store/cp72qvhgkbwpjan7518wr88shswjkwzk-rav1e-0.8.1",
              "default": true
            }
          ],
          "store_path": "/nix/store/cp72qvhgkbwpjan7518wr88shswjkwzk-rav1e-0.8.1"
        },
        "x86_64-darwin": {
          "outputs": [
            {
              "name": "out",
              "path": "/nix/store/9l2dslff156lsizmh18jx1csmlrhj6j1-rav1e-0.8.1",
              "default": true
            }
          ],
          "store_path": "/nix/store/9l2dslff156lsizmh18jx1csmlrhj6j1-rav1e-0.8.1"
        },
        "x86_64-linux": {
          "outputs": [
            {
              "name": "out",
              "path": "/nix/store/6hww96dqa40jjimcqhicn91b59hk2mzz-rav1e-0.8.1",
              "default": true
            }
          ],
          "store_path": "/nix/store/6hww96dqa40jjimcqhicn91b59hk2mzz-rav1e-0.8.1"
        }
      }
    },
    "rustup@1.29.0": {
      "last_modified": "2026-07-23T05:10:05Z",
      "plugin_version": "0.0.1",
      "resolved": "github:NixOS/nixpkgs/7525d999cd850b9a488817abc89c75dc733acf17#rustup",
      "source": "devbox-search",
      "version": "1.29.0",
      "systems": {
        "aarch64-darwin": {
          "outputs": [
            {
              "name": "out",
              "path": "/nix/store/hgbkshlqvw7rgqqwyfiqsvryjfkwh7mj-rustup-1.29.0",
              "default": true
            }
          ],
          "store_path": "/nix/store/hgbkshlqvw7rgqqwyfiqsvryjfkwh7mj-rustup-1.29.0"
        },
        "aarch64-linux": {
          "outputs": [
            {
              "name": "out",
              "path": "/nix/store/xv67saiks9bjbh5cid8hhk5sllfgkxl4-rustup-1.29.0",
              "default": true
            }
          ],
          "store_path": "/nix/store/xv67saiks9bjbh5cid8hhk5sllfgkxl4-rustup-1.29.0"
        },
        "x86_64-darwin": {
          "outputs": [
            {
              "name": "out",
              "path": "/nix/store/lvm2155pfw1b3a9g8cij5g7vx2dk4v9f-rustup-1.29.0",
              "default": true
            }
          ],
          "store_path": "/nix/store/lvm2155pfw1b3a9g8cij5g7vx2dk4v9f-rustup-1.29.0"
        },
        "x86_64-linux": {
          "outputs": [
            {
              "name": "out",
              "path": "/nix/store/5v1hm2s8f77mqkncvm1qkkqq4xkls7mm-rustup-1.29.0",
              "default": true
            }
          ],
          "store_path": "/nix/store/5v1hm2s8f77mqkncvm1qkkqq4xkls7mm-rustup-1.29.0"
        }
      }
    },
    "svt-av1@4.1.0": {
      "last_modified": "2026-07-23T05:10:05Z",
      "resolved": "github:NixOS/nixpkgs/7525d999cd850b9a488817abc89c75dc733acf17#svt-av1",
      "source": "devbox-search",
      "version": "4.1.0",
      "systems": {
        "aarch64-darwin": {
          "outputs": [
            {
              "name": "out",
              "path": "/nix/store/js4f05dm0sf73axn8rqrsnp4b29jhyqm-svt-av1-4.1.0",
              "default": true
            }
          ],
          "store_path": "/nix/store/js4f05dm0sf73axn8rqrsnp4b29jhyqm-svt-av1-4.1.0"
        },
        "aarch64-linux": {
          "outputs": [
            {
              "name": "out",
              "path": "/nix/store/wa27sngcwlb9glpixcr21sx08xh99kwk-svt-av1-4.1.0",
              "default": true
            }
          ],
          "store_path": "/nix/store/wa27sngcwlb9glpixcr21sx08xh99kwk-svt-av1-4.1.0"
        },
        "x86_64-linux": {
          "outputs": [
            {
              "name": "out",
              "path": "/nix/store/2idccf5bkn0w55ycjzvb0ys7scjmw6w6-svt-av1-4.1.0",
              "default": true
            }
          ],
          "store_path": "/nix/store/2idccf5bkn0w55ycjzvb0ys7scjmw6w6-svt-av1-4.1.0"
        }
      }
    },
    "x264@0-unstable-2025-01-03": {
      "last_modified": "2026-07-23T05:10:05Z",
      "resolved": "github:NixOS/nixpkgs/7525d999cd850b9a488817abc89c75dc733acf17#x264",
      "source": "devbox-search",
      "version": "0-unstable-2025-01-03",
      "systems": {
        "aarch64-darwin": {
          "outputs": [
            {
              "name": "out",
              "path": "/nix/store/zz6q3a6rwl58l81g91cydqnq4nbir29p-x264-0-unstable-2025-01-03",
              "default": true
            },
            {
              "name": "dev",
              "path": "/nix/store/z9vykabj0yxhc9wv2827clngp26lbr5d-x264-0-unstable-2025-01-03-dev"
            },
            {
              "name": "lib",
              "path": "/nix/store/63wfwp6fmsw0djfdrbyb6ajy65r00g87-x264-0-unstable-2025-01-03-lib"
            }
          ],
          "store_path": "/nix/store/zz6q3a6rwl58l81g91cydqnq4nbir29p-x264-0-unstable-2025-01-03"
        },
        "aarch64-linux": {
          "outputs": [
            {
              "name": "out",
              "path": "/nix/store/3gczfj4z8igcfxgl2f19khp9zzr0ww3j-x264-0-unstable-2025-01-03",
              "default": true
            },
            {
              "name": "dev",
              "path": "/nix/store/camgn8m1908i2bkkrq2xmx71max4x006-x264-0-unstable-2025-01-03-dev"
            },
            {
              "name": "lib",
              "path": "/nix/store/7pq8mf6d1qxw0qsc4mmyl0s8d6i80a4c-x264-0-unstable-2025-01-03-lib"
            }
          ],
          "store_path": "/nix/store/3gczfj4z8igcfxgl2f19khp9zzr0ww3j-x264-0-unstable-2025-01-03"
        },
        "x86_64-darwin": {
          "outputs": [
            {
              "name": "out",
              "path": "/nix/store/zja0bdq620rx94lqljhl4gx2jp4dphbc-x264-0-unstable-2025-01-03",
              "default": true
            },
            {
              "name": "dev",
              "path": "/nix/store/wq51d79r4ygli8jfadcqqxbyb0jvsw26-x264-0-unstable-2025-01-03-dev"
            },
            {
              "name": "lib",
              "path": "/nix/store/4g2hl1jqdxvfwb7i988b94rly1l0zwp0-x264-0-unstable-2025-01-03-lib"
            }
          ],
          "store_path": "/nix/store/zja0bdq620rx94lqljhl4gx2jp4dphbc-x264-0-unstable-2025-01-03"
        },
        "x86_64-linux": {
          "outputs": [
            {
              "name": "out",
              "path": "/nix/store/7h94q60zyvmrkcckshjhp56ljkw3rqm1-x264-0-unstable-2025-01-03",
              "default": true
            },
            {
              "name": "dev",
              "path": "/nix/store/3wpy2qhbf65c31zymjpc4ncbqhsb18fi-x264-0-unstable-2025-01-03-dev"
            },
            {
              "name": "lib",
              "path": "/nix/store/3y369zk7szx69lwv57rg15y0sr4c2l81-x264-0-unstable-2025-01-03-lib"
            }
          ],
          "store_path": "/nix/store/7h94q60zyvmrkcckshjhp56ljkw3rqm1-x264-0-unstable-2025-01-03"
        }
      }
    },
    "x265@4.1": {
      "last_modified": "2026-06-27T07:37:20Z",
      "resolved": "github:NixOS/nixpkgs/3d46470bb3030020f7e1361f33514854f5bfa86d#x265",
      "source": "devbox-search",
      "version": "4.1",
      "systems": {
        "aarch64-darwin": {
          "outputs": [
            {
              "name": "out",
              "path": "/nix/store/s0nxkqbniy1ggcjms4kndcnpx640dc0q-x265-4.1",
              "default": true
            },
            {
              "name": "dev",
              "path": "/nix/store/fyc2qpfa1b58lmp4m0aa41p1n9xghjw8-x265-4.1-dev"
            }
          ],
          "store_path": "/nix/store/s0nxkqbniy1ggcjms4kndcnpx640dc0q-x265-4.1"
        },
        "aarch64-linux": {
          "outputs": [
            {
              "name": "out",
              "path": "/nix/store/5q333cjwns8sn3li75wall08b3cdkhfg-x265-4.1",
              "default": true
            },
            {
              "name": "dev",
              "path": "/nix/store/gjar7621a8cxcwpvbz49v8l24m55l53s-x265-4.1-dev"
            }
          ],
          "store_path": "/nix/store/5q333cjwns8sn3li75wall08b3cdkhfg-x265-4.1"
        },
        "x86_64-darwin": {
          "outputs": [
            {
              "name": "out",
              "path": "/nix/store/xvkzsswg315ndzh3rzg8hacfrxsq3khg-x265-4.1",
              "default": true
            },
            {
              "name": "dev",
              "path": "/nix/store/6cm1i3laq183gry1w4mhacix30k8ww3x-x265-4.1-dev"
            }
          ],
          "store_path": "/nix/store/xvkzsswg315ndzh3rzg8hacfrxsq3khg-x265-4.1"
        },
        "x86_64-linux": {
          "outputs": [
            {
              "name": "out",
              "path": "/nix/store/jczn8rdzvsrr05gjv1fdl237q4gcgr9f-x265-4.1",
              "default": true
            },
            {
              "name": "dev",
              "path": "/nix/store/nd7ajhp4afx535dc779zpl0sdnhh6i9r-x265-4.1-dev"
            }
          ],
          "store_path": "/nix/store/jczn8rdzvsrr05gjv1fdl237q4gcgr9f-x265-4.1"
        }
      }
    }
  }
}
