{
  "lockfile_version": "1",
  "packages": {
    "cargo-deny@0.20.2": {
      "last_modified": "2026-08-01T16:34:20Z",
      "resolved": "github:NixOS/nixpkgs/a5cbcfe954791221bfffe2307f7d1a1bf61a871e#cargo-deny",
      "source": "devbox-search",
      "version": "0.20.2",
      "systems": {
        "aarch64-darwin": {
          "outputs": [
            {
              "name": "out",
              "path": "/nix/store/rg3hbyxiqk7lkwnwdj7k6vkxszh6qqlc-cargo-deny-0.20.2",
              "default": true
            }
          ],
          "store_path": "/nix/store/rg3hbyxiqk7lkwnwdj7k6vkxszh6qqlc-cargo-deny-0.20.2"
        },
        "aarch64-linux": {
          "outputs": [
            {
              "name": "out",
              "path": "/nix/store/p2lmgwpxz7j5hcn55rx9gsx369zjpj23-cargo-deny-0.20.2",
              "default": true
            }
          ],
          "store_path": "/nix/store/p2lmgwpxz7j5hcn55rx9gsx369zjpj23-cargo-deny-0.20.2"
        },
        "x86_64-linux": {
          "outputs": [
            {
              "name": "out",
              "path": "/nix/store/parkyzy8r101ly8q58pvmb1c3c8sbpww-cargo-deny-0.20.2",
              "default": true
            }
          ],
          "store_path": "/nix/store/parkyzy8r101ly8q58pvmb1c3c8sbpww-cargo-deny-0.20.2"
        }
      }
    },
    "ffmpeg-full@8.1.2": {
      "last_modified": "2026-08-03T09:05:39Z",
      "resolved": "github:NixOS/nixpkgs/104240a772428cc2e20d8fd86c9ddbb886bbaff2#ffmpeg-full",
      "source": "devbox-search",
      "version": "8.1.2",
      "systems": {
        "aarch64-darwin": {
          "outputs": [
            {
              "name": "bin",
              "path": "/nix/store/l1vak3ggxnl5agkmxq9vfalj0v6dv3kl-ffmpeg-full-8.1.2-bin",
              "default": true
            },
            {
              "name": "man",
              "path": "/nix/store/56nk6d3jmb82hgvqsm6mh4060np8kzq4-ffmpeg-full-8.1.2-man",
              "default": true
            },
            {
              "name": "data",
              "path": "/nix/store/d159pqdyxx8l04h3v38glg8ym2jf1rzi-ffmpeg-full-8.1.2-data"
            },
            {
              "name": "dev",
              "path": "/nix/store/zrsm4ihpm0njsmrvlxf72vzawfi4m1zp-ffmpeg-full-8.1.2-dev"
            },
            {
              "name": "doc",
              "path": "/nix/store/1gmg5ppvw1im8q0251i4r2cx560c87v9-ffmpeg-full-8.1.2-doc"
            },
            {
              "name": "lib",
              "path": "/nix/store/y1k1fnfd51837dawr8wh2rrn1zk46ipg-ffmpeg-full-8.1.2-lib"
            },
            {
              "name": "out",
              "path": "/nix/store/ipm2wmny1q4vpdvwpark5yw6frs8qcyx-ffmpeg-full-8.1.2"
            }
          ],
          "store_path": "/nix/store/l1vak3ggxnl5agkmxq9vfalj0v6dv3kl-ffmpeg-full-8.1.2-bin"
        },
        "aarch64-linux": {
          "outputs": [
            {
              "name": "bin",
              "path": "/nix/store/dc9rf5l7djwl383airdpwpqr1q934vcw-ffmpeg-full-8.1.2-bin",
              "default": true
            },
            {
              "name": "man",
              "path": "/nix/store/2ql7m5vbd7l087l4jbr7cih6y8v6cmsr-ffmpeg-full-8.1.2-man",
              "default": true
            },
            {
              "name": "data",
              "path": "/nix/store/0jx42lamai6ri4pwpsc42aczc69aqi1p-ffmpeg-full-8.1.2-data"
            },
            {
              "name": "dev",
              "path": "/nix/store/qhy7rpxi2736wgk5j6455g870jwx7frf-ffmpeg-full-8.1.2-dev"
            },
            {
              "name": "doc",
              "path": "/nix/store/n5bplv6jxvg4ar1c3vrmhin7n6gk93m4-ffmpeg-full-8.1.2-doc"
            },
            {
              "name": "lib",
              "path": "/nix/store/700x8s0d6wdvijznqx2qbkkqpxixs5f2-ffmpeg-full-8.1.2-lib"
            },
            {
              "name": "out",
              "path": "/nix/store/k2l6z8k57k4qvnaasz9qazcr75qw8rh7-ffmpeg-full-8.1.2"
            }
          ],
          "store_path": "/nix/store/dc9rf5l7djwl383airdpwpqr1q934vcw-ffmpeg-full-8.1.2-bin"
        },
        "x86_64-linux": {
          "outputs": [
            {
              "name": "bin",
              "path": "/nix/store/xr17rmv0a1czb21jrx53w3aiz5nrxq8z-ffmpeg-full-8.1.2-bin",
              "default": true
            },
            {
              "name": "man",
              "path": "/nix/store/z5qmd0g9a24f7qgm4483f5xcp3c5ak6p-ffmpeg-full-8.1.2-man",
              "default": true
            },
            {
              "name": "lib",
              "path": "/nix/store/39r8xp2d3ykb5dy2k67blzd2ccaj2mv4-ffmpeg-full-8.1.2-lib"
            },
            {
              "name": "out",
              "path": "/nix/store/20vwfqw9cjz47104r6vrsmd0s52w576a-ffmpeg-full-8.1.2"
            },
            {
              "name": "data",
              "path": "/nix/store/brm5ji685kfmmq2cg805p1vgcxah0fkl-ffmpeg-full-8.1.2-data"
            },
            {
              "name": "dev",
              "path": "/nix/store/h75km2x2qkqifrh4666bdagykg805ymq-ffmpeg-full-8.1.2-dev"
            },
            {
              "name": "doc",
              "path": "/nix/store/41illn0dbp6arc3qg49c76dx3pw1lwd3-ffmpeg-full-8.1.2-doc"
            }
          ],
          "store_path": "/nix/store/xr17rmv0a1czb21jrx53w3aiz5nrxq8z-ffmpeg-full-8.1.2-bin"
        }
      }
    },
    "github:NixOS/nixpkgs/nixpkgs-unstable": {
      "last_modified": "2026-08-06T00:10:29Z",
      "resolved": "github:NixOS/nixpkgs/70ce234312134a463ba7728e94da2486a1d237ac?lastModified=1785975029&narHash=sha256-X44cn5rzytELc3NNoQsh0aLkjWA%2FQzPfc6HPQmsG3sU%3D"
    },
    "libaom@3.12.1": {
      "last_modified": "2026-08-01T16:34:20Z",
      "resolved": "github:NixOS/nixpkgs/a5cbcfe954791221bfffe2307f7d1a1bf61a871e#libaom",
      "source": "devbox-search",
      "version": "3.12.1",
      "systems": {
        "aarch64-darwin": {
          "outputs": [
            {
              "name": "out",
              "path": "/nix/store/1qxgyw6nrva5pk8d79i3d37dz7ywq8mq-libaom-3.12.1",
              "default": true
            },
            {
              "name": "bin",
              "path": "/nix/store/afjyxnbpl624qn7w9lg3773s0sdcnzqg-libaom-3.12.1-bin",
              "default": true
            },
            {
              "name": "static",
              "path": "/nix/store/6c7npkilwidnincxrpq1g45klyl2msdd-libaom-3.12.1-static"
            },
            {
              "name": "dev",
              "path": "/nix/store/9y6d59skfxqsavwkjsascaqjr2cbrx79-libaom-3.12.1-dev"
            }
          ],
          "store_path": "/nix/store/1qxgyw6nrva5pk8d79i3d37dz7ywq8mq-libaom-3.12.1"
        },
        "aarch64-linux": {
          "outputs": [
            {
              "name": "out",
              "path": "/nix/store/fnrbcsaw0s36cak8f4wlfzb497nshgpa-libaom-3.12.1",
              "default": true
            },
            {
              "name": "bin",
              "path": "/nix/store/mzdivqhp65dlmz43la6f080v7j651am4-libaom-3.12.1-bin",
              "default": true
            },
            {
              "name": "dev",
              "path": "/nix/store/8z3lvrv8zaxgimlfkc1ada1nhnh8w1gb-libaom-3.12.1-dev"
            },
            {
              "name": "static",
              "path": "/nix/store/1cnylzd2s3wagvsblg90wwx63rq914m9-libaom-3.12.1-static"
            }
          ],
          "store_path": "/nix/store/fnrbcsaw0s36cak8f4wlfzb497nshgpa-libaom-3.12.1"
        },
        "x86_64-darwin": {
          "outputs": [
            {
              "name": "out",
              "path": "/nix/store/y56vyahmlivfir66r2fnjiaw8zqjbcww-libaom-3.12.1",
              "default": true
            },
            {
              "name": "bin",
              "path": "/nix/store/dha4pvy6xxw8z1qgxj33ph2h13qfvgz8-libaom-3.12.1-bin",
              "default": true
            },
            {
              "name": "static",
              "path": "/nix/store/8vznw3ybw0nnhvx9mhg3zvwhd1rcw2h7-libaom-3.12.1-static"
            },
            {
              "name": "dev",
              "path": "/nix/store/2vs1q9kp3wf53kkf0540i78z8hgk849j-libaom-3.12.1-dev"
            }
          ],
          "store_path": "/nix/store/y56vyahmlivfir66r2fnjiaw8zqjbcww-libaom-3.12.1"
        },
        "x86_64-linux": {
          "outputs": [
            {
              "name": "out",
              "path": "/nix/store/ais8pzw9961clqpmk3li4ljm0a141mm9-libaom-3.12.1",
              "default": true
            },
            {
              "name": "bin",
              "path": "/nix/store/7vpq09a6j7zl27nvz12d00kpaxrw5bs2-libaom-3.12.1-bin",
              "default": true
            },
            {
              "name": "dev",
              "path": "/nix/store/k4712ds02hzibh3wzbj2b3zib7igfcb7-libaom-3.12.1-dev"
            },
            {
              "name": "static",
              "path": "/nix/store/iz2366y8pahx97h7dssnn3zklnwqwg3p-libaom-3.12.1-static"
            }
          ],
          "store_path": "/nix/store/ais8pzw9961clqpmk3li4ljm0a141mm9-libaom-3.12.1"
        }
      }
    },
    "libclang@21.1.8": {
      "last_modified": "2026-08-01T16:34:20Z",
      "resolved": "github:NixOS/nixpkgs/a5cbcfe954791221bfffe2307f7d1a1bf61a871e#libclang",
      "source": "devbox-search",
      "version": "21.1.8",
      "systems": {
        "aarch64-darwin": {
          "outputs": [
            {
              "name": "out",
              "path": "/nix/store/xmpb2wxf3lybaijcc8lz8vximsjbhdf5-clang-21.1.8",
              "default": true
            },
            {
              "name": "dev",
              "path": "/nix/store/00zvx8q4n2r0yyb2ajqk448af8gi6mgf-clang-21.1.8-dev"
            },
            {
              "name": "lib",
              "path": "/nix/store/2ysqii1sia8w35qik659khvb4z4yi309-clang-21.1.8-lib"
            },
            {
              "name": "python",
              "path": "/nix/store/n3h326ml1m8krywznm99g4lgjwmpzp4r-clang-21.1.8-python"
            }
          ],
          "store_path": "/nix/store/xmpb2wxf3lybaijcc8lz8vximsjbhdf5-clang-21.1.8"
        },
        "aarch64-linux": {
          "outputs": [
            {
              "name": "out",
              "path": "/nix/store/5wkw09nqmbfsrcksr70lkqzn94x13w0c-clang-21.1.8",
              "default": true
            },
            {
              "name": "python",
              "path": "/nix/store/nkpxcnjgivm4g4h3hgqg4qxq32ijpgv4-clang-21.1.8-python"
            },
            {
              "name": "debug",
              "path": "/nix/store/dbfakyyy8d33b419kxsgz5q5w8v8ncii-clang-21.1.8-debug"
            },
            {
              "name": "dev",
              "path": "/nix/store/axgww7z5ipqmc4w4g5cxwlf9xhk23q74-clang-21.1.8-dev"
            },
            {
              "name": "lib",
              "path": "/nix/store/ipiz3ybzlm62cfgj8lh321l34hf7fslr-clang-21.1.8-lib"
            }
          ],
          "store_path": "/nix/store/5wkw09nqmbfsrcksr70lkqzn94x13w0c-clang-21.1.8"
        },
        "x86_64-darwin": {
          "outputs": [
            {
              "name": "out",
              "path": "/nix/store/i90sjn9ja8fd0r52dkiidvdqqbqvja4k-clang-21.1.8",
              "default": true
            },
            {
              "name": "dev",
              "path": "/nix/store/x548sh4xxcdqlmpdxl0782khqmjrkkdz-clang-21.1.8-dev"
            },
            {
              "name": "lib",
              "path": "/nix/store/agysx04idaami2sf2qdrrx988f8r31n7-clang-21.1.8-lib"
            },
            {
              "name": "python",
              "path": "/nix/store/1g53yiczg5na8s30h0n4r8pz0lnlclh2-clang-21.1.8-python"
            }
          ],
          "store_path": "/nix/store/i90sjn9ja8fd0r52dkiidvdqqbqvja4k-clang-21.1.8"
        },
        "x86_64-linux": {
          "outputs": [
            {
              "name": "out",
              "path": "/nix/store/c491n6fvrc1lnc0ji5jqbrxz05xfx3cw-clang-21.1.8",
              "default": true
            },
            {
              "name": "debug",
              "path": "/nix/store/n9zg25vk953b7q2ippfpg3klnwzxb22j-clang-21.1.8-debug"
            },
            {
              "name": "dev",
              "path": "/nix/store/21qlzhqljdacmw4h29cljql522wjr913-clang-21.1.8-dev"
            },
            {
              "name": "lib",
              "path": "/nix/store/73lk7kk1h234kzaimnq1700y5fan72py-clang-21.1.8-lib"
            },
            {
              "name": "python",
              "path": "/nix/store/1l1dx4zqznp4h09817059s6hxk2kls1h-clang-21.1.8-python"
            }
          ],
          "store_path": "/nix/store/c491n6fvrc1lnc0ji5jqbrxz05xfx3cw-clang-21.1.8"
        }
      }
    },
    "libvpx@1.16.0": {
      "last_modified": "2026-08-01T16:34:20Z",
      "resolved": "github:NixOS/nixpkgs/a5cbcfe954791221bfffe2307f7d1a1bf61a871e#libvpx",
      "source": "devbox-search",
      "version": "1.16.0",
      "systems": {
        "aarch64-darwin": {
          "outputs": [
            {
              "name": "bin",
              "path": "/nix/store/3h15jwrwrzf1a4g4q5rkp7riqy4s7wnn-libvpx-1.16.0-bin",
              "default": true
            },
            {
              "name": "dev",
              "path": "/nix/store/204pd2pw0y85ryb8vfkcn5wvqcn1q98z-libvpx-1.16.0-dev"
            },
            {
              "name": "out",
              "path": "/nix/store/xfs3w2fnn93yrlrkzcsp9mhj327xmbrg-libvpx-1.16.0"
            }
          ],
          "store_path": "/nix/store/3h15jwrwrzf1a4g4q5rkp7riqy4s7wnn-libvpx-1.16.0-bin"
        },
        "aarch64-linux": {
          "outputs": [
            {
              "name": "bin",
              "path": "/nix/store/y2m5yjy7xax9ibp1j7lds27jvhbk9cda-libvpx-1.16.0-bin",
              "default": true
            },
            {
              "name": "dev",
              "path": "/nix/store/59qv1hmsx602qxwfp3156ic204swr4by-libvpx-1.16.0-dev"
            },
            {
              "name": "out",
              "path": "/nix/store/dib5zx0ac4dxa4a92h63csv76kdr0lxp-libvpx-1.16.0"
            }
          ],
          "store_path": "/nix/store/y2m5yjy7xax9ibp1j7lds27jvhbk9cda-libvpx-1.16.0-bin"
        },
        "x86_64-darwin": {
          "outputs": [
            {
              "name": "bin",
              "path": "/nix/store/6mka8b5rib1g4jvggjl4xbkbnrmk4njb-libvpx-1.16.0-bin",
              "default": true
            },
            {
              "name": "dev",
              "path": "/nix/store/gav6qlzi1z6l10hdn5vnagw2r5gi3xyh-libvpx-1.16.0-dev"
            },
            {
              "name": "out",
              "path": "/nix/store/01w180y2vsia4my0l3xjm1mcr898c87l-libvpx-1.16.0"
            }
          ],
          "store_path": "/nix/store/6mka8b5rib1g4jvggjl4xbkbnrmk4njb-libvpx-1.16.0-bin"
        },
        "x86_64-linux": {
          "outputs": [
            {
              "name": "bin",
              "path": "/nix/store/ps4w43xh1jv89nc2cdyxnyp6cgkbycdx-libvpx-1.16.0-bin",
              "default": true
            },
            {
              "name": "dev",
              "path": "/nix/store/lnp807pz248d94855gizzsjs0bmxhahk-libvpx-1.16.0-dev"
            },
            {
              "name": "out",
              "path": "/nix/store/vysgsmjvipdv2xnrxxka2v7dhqvjla67-libvpx-1.16.0"
            }
          ],
          "store_path": "/nix/store/ps4w43xh1jv89nc2cdyxnyp6cgkbycdx-libvpx-1.16.0-bin"
        }
      }
    },
    "mkvtoolnix-cli@97.0": {
      "last_modified": "2026-03-21T07:29:51Z",
      "resolved": "github:NixOS/nixpkgs/09061f748ee21f68a089cd5d91ec1859cd93d0be#mkvtoolnix-cli",
      "source": "devbox-search",
      "version": "97.0",
      "systems": {
        "aarch64-darwin": {
          "outputs": [
            {
              "name": "out",
              "path": "/nix/store/8gnhaj90qbjcl7v5z0hri5l38vxiy9xz-mkvtoolnix-97.0",
              "default": true
            }
          ],
          "store_path": "/nix/store/8gnhaj90qbjcl7v5z0hri5l38vxiy9xz-mkvtoolnix-97.0"
        },
        "aarch64-linux": {
          "outputs": [
            {
              "name": "out",
              "path": "/nix/store/dn1c6a0sf0ycz4n0fd78vwy0f1w59ngq-mkvtoolnix-97.0",
              "default": true
            }
          ],
          "store_path": "/nix/store/dn1c6a0sf0ycz4n0fd78vwy0f1w59ngq-mkvtoolnix-97.0"
        },
        "x86_64-darwin": {
          "outputs": [
            {
              "name": "out",
              "path": "/nix/store/sh5sw5bjzp498l87vfr5a70hvx5hwwkm-mkvtoolnix-97.0",
              "default": true
            }
          ],
          "store_path": "/nix/store/sh5sw5bjzp498l87vfr5a70hvx5hwwkm-mkvtoolnix-97.0"
        },
        "x86_64-linux": {
          "outputs": [
            {
              "name": "out",
              "path": "/nix/store/0rqihimkfrp8d0qh90yxx94dyzrldvkf-mkvtoolnix-97.0",
              "default": true
            }
          ],
          "store_path": "/nix/store/0rqihimkfrp8d0qh90yxx94dyzrldvkf-mkvtoolnix-97.0"
        }
      }
    },
    "nasm@3.01": {
      "last_modified": "2026-07-08T21:13:06Z",
      "resolved": "github:NixOS/nixpkgs/389ed85304b281ca7f306cf8a1eb4378651ca44e#nasm",
      "source": "devbox-search",
      "version": "3.01",
      "systems": {
        "aarch64-darwin": {
          "outputs": [
            {
              "name": "out",
              "path": "/nix/store/lhqh94wilf3qzhl8gizasnsld2bfr138-nasm-3.01",
              "default": true
            }
          ],
          "store_path": "/nix/store/lhqh94wilf3qzhl8gizasnsld2bfr138-nasm-3.01"
        },
        "aarch64-linux": {
          "outputs": [
            {
              "name": "out",
              "path": "/nix/store/j61qnwm9n9xhpmb1yc7p24n9v776hvvc-nasm-3.01",
              "default": true
            }
          ],
          "store_path": "/nix/store/j61qnwm9n9xhpmb1yc7p24n9v776hvvc-nasm-3.01"
        },
        "x86_64-darwin": {
          "outputs": [
            {
              "name": "out",
              "path": "/nix/store/1rgzx3i28pryrhap3bbadm7h0nnkr2hy-nasm-3.01",
              "default": true
            }
          ],
          "store_path": "/nix/store/1rgzx3i28pryrhap3bbadm7h0nnkr2hy-nasm-3.01"
        },
        "x86_64-linux": {
          "outputs": [
            {
              "name": "out",
              "path": "/nix/store/bzjmd451pmj31s3j05apwd1mix6p4i0m-nasm-3.01",
              "default": true
            }
          ],
          "store_path": "/nix/store/bzjmd451pmj31s3j05apwd1mix6p4i0m-nasm-3.01"
        }
      }
    },
    "pkg-config@0.29.2": {
      "last_modified": "2025-11-23T21:50:36Z",
      "resolved": "github:NixOS/nixpkgs/ee09932cedcef15aaf476f9343d1dea2cb77e261#pkg-config",
      "source": "devbox-search",
      "version": "0.29.2",
      "systems": {
        "aarch64-darwin": {
          "outputs": [
            {
              "name": "out",
              "path": "/nix/store/hygaaqwk9ylklp0ybwppqhw75nz8ya41-pkg-config-wrapper-0.29.2",
              "default": true
            },
            {
              "name": "man",
              "path": "/nix/store/9px0sji43x3r2w4zxl3j3idwsql7lwxx-pkg-config-wrapper-0.29.2-man",
              "default": true
            },
            {
              "name": "doc",
              "path": "/nix/store/hqk44ra6qxw7iixardl6c3hdgb9kq6ns-pkg-config-wrapper-0.29.2-doc"
            }
          ],
          "store_path": "/nix/store/hygaaqwk9ylklp0ybwppqhw75nz8ya41-pkg-config-wrapper-0.29.2"
        },
        "aarch64-linux": {
          "outputs": [
            {
              "name": "out",
              "path": "/nix/store/lbiigi8qbp7mzf1lpr7p982l1kyf01ql-pkg-config-wrapper-0.29.2",
              "default": true
            },
            {
              "name": "man",
              "path": "/nix/store/10060k24qggqyzlwdsfmni9y32zxcg0j-pkg-config-wrapper-0.29.2-man",
              "default": true
            },
            {
              "name": "doc",
              "path": "/nix/store/0y4v51ndpyvkj09hwlfqkz0c3h17zfmc-pkg-config-wrapper-0.29.2-doc"
            }
          ],
          "store_path": "/nix/store/lbiigi8qbp7mzf1lpr7p982l1kyf01ql-pkg-config-wrapper-0.29.2"
        },
        "x86_64-darwin": {
          "outputs": [
            {
              "name": "out",
              "path": "/nix/store/vknadizq0q5kffvx6y4379p9gdry9zq3-pkg-config-wrapper-0.29.2",
              "default": true
            },
            {
              "name": "man",
              "path": "/nix/store/1nyspra675q22gfhf7hn2nmfpi6rgim5-pkg-config-wrapper-0.29.2-man",
              "default": true
            },
            {
              "name": "doc",
              "path": "/nix/store/7lq1axxwrafwljs06n88bzyz9w523rkc-pkg-config-wrapper-0.29.2-doc"
            }
          ],
          "store_path": "/nix/store/vknadizq0q5kffvx6y4379p9gdry9zq3-pkg-config-wrapper-0.29.2"
        },
        "x86_64-linux": {
          "outputs": [
            {
              "name": "out",
              "path": "/nix/store/8vdiwpbh0g4avsd6x5v4s0di32vcl3dp-pkg-config-wrapper-0.29.2",
              "default": true
            },
            {
              "name": "man",
              "path": "/nix/store/j9xfpnrygg3v37svc5pfin9q5bm49r94-pkg-config-wrapper-0.29.2-man",
              "default": true
            },
            {
              "name": "doc",
              "path": "/nix/store/x3bypxdxaq20kykybhkf21x4jczsiy8y-pkg-config-wrapper-0.29.2-doc"
            }
          ],
          "store_path": "/nix/store/8vdiwpbh0g4avsd6x5v4s0di32vcl3dp-pkg-config-wrapper-0.29.2"
        }
      }
    },
    "pre-commit@4.5.1": {
      "last_modified": "2026-08-01T16:34:20Z",
      "resolved": "github:NixOS/nixpkgs/a5cbcfe954791221bfffe2307f7d1a1bf61a871e#pre-commit",
      "source": "devbox-search",
      "version": "4.5.1",
      "systems": {
        "aarch64-darwin": {
          "outputs": [
            {
              "name": "out",
              "path": "/nix/store/vmgvgxg2gkbw1xnw6531fgyvd86472yj-pre-commit-4.5.1",
              "default": true
            },
            {
              "name": "dist",
              "path": "/nix/store/4rdwkcdf5607g5h5g6cmz3adnhpdv31w-pre-commit-4.5.1-dist"
            }
          ],
          "store_path": "/nix/store/vmgvgxg2gkbw1xnw6531fgyvd86472yj-pre-commit-4.5.1"
        },
        "aarch64-linux": {
          "outputs": [
            {
              "name": "out",
              "path": "/nix/store/6g08bbrl95q9jkpkpc5nqqgy68xyg6k5-pre-commit-4.5.1",
              "default": true
            },
            {
              "name": "dist",
              "path": "/nix/store/c93jvsbqx95lv5q3k6vz80i7vlbxlr7x-pre-commit-4.5.1-dist"
            }
          ],
          "store_path": "/nix/store/6g08bbrl95q9jkpkpc5nqqgy68xyg6k5-pre-commit-4.5.1"
        },
        "x86_64-darwin": {
          "outputs": [
            {
              "name": "out",
              "path": "/nix/store/51i9rjiyhdnxd96rp3cc8ykhcld7zhqq-pre-commit-4.5.1",
              "default": true
            },
            {
              "name": "dist",
              "path": "/nix/store/hphzzlh3q6nz74px0mq2a1h7yqkyr35b-pre-commit-4.5.1-dist"
            }
          ],
          "store_path": "/nix/store/51i9rjiyhdnxd96rp3cc8ykhcld7zhqq-pre-commit-4.5.1"
        },
        "x86_64-linux": {
          "outputs": [
            {
              "name": "out",
              "path": "/nix/store/swjb3sk5kh2wna8ykb16gxm967x0lhdp-pre-commit-4.5.1",
              "default": true
            },
            {
              "name": "dist",
              "path": "/nix/store/drsz0r6fzvy6vwyya1b2d65mshbfz3m3-pre-commit-4.5.1-dist"
            }
          ],
          "store_path": "/nix/store/swjb3sk5kh2wna8ykb16gxm967x0lhdp-pre-commit-4.5.1"
        }
      }
    },
    "rav1e@0.8.1": {
      "last_modified": "2026-08-01T16:34:20Z",
      "resolved": "github:NixOS/nixpkgs/a5cbcfe954791221bfffe2307f7d1a1bf61a871e#rav1e",
      "source": "devbox-search",
      "version": "0.8.1",
      "systems": {
        "aarch64-darwin": {
          "outputs": [
            {
              "name": "out",
              "path": "/nix/store/q6s7r084ncg6dk80lj251knc647p0gxq-rav1e-0.8.1",
              "default": true
            }
          ],
          "store_path": "/nix/store/q6s7r084ncg6dk80lj251knc647p0gxq-rav1e-0.8.1"
        },
        "aarch64-linux": {
          "outputs": [
            {
              "name": "out",
              "path": "/nix/store/cznkm923prpvisq2wyavw7hi7mwh1lrb-rav1e-0.8.1",
              "default": true
            }
          ],
          "store_path": "/nix/store/cznkm923prpvisq2wyavw7hi7mwh1lrb-rav1e-0.8.1"
        },
        "x86_64-darwin": {
          "outputs": [
            {
              "name": "out",
              "path": "/nix/store/9l2dslff156lsizmh18jx1csmlrhj6j1-rav1e-0.8.1",
              "default": true
            }
          ],
          "store_path": "/nix/store/9l2dslff156lsizmh18jx1csmlrhj6j1-rav1e-0.8.1"
        },
        "x86_64-linux": {
          "outputs": [
            {
              "name": "out",
              "path": "/nix/store/grgc9fjc6pllk6fvy27qxgcha3z9z5kw-rav1e-0.8.1",
              "default": true
            }
          ],
          "store_path": "/nix/store/grgc9fjc6pllk6fvy27qxgcha3z9z5kw-rav1e-0.8.1"
        }
      }
    },
    "rustup@1.29.0": {
      "last_modified": "2026-08-01T16:34:20Z",
      "plugin_version": "0.0.1",
      "resolved": "github:NixOS/nixpkgs/a5cbcfe954791221bfffe2307f7d1a1bf61a871e#rustup",
      "source": "devbox-search",
      "version": "1.29.0",
      "systems": {
        "aarch64-darwin": {
          "outputs": [
            {
              "name": "out",
              "path": "/nix/store/4s2fyvlgfa38p51f0ns1rxw38s2nfblj-rustup-1.29.0",
              "default": true
            }
          ],
          "store_path": "/nix/store/4s2fyvlgfa38p51f0ns1rxw38s2nfblj-rustup-1.29.0"
        },
        "aarch64-linux": {
          "outputs": [
            {
              "name": "out",
              "path": "/nix/store/p1lf5ndx1didl6g86scsqgfnj6dyqals-rustup-1.29.0",
              "default": true
            }
          ],
          "store_path": "/nix/store/p1lf5ndx1didl6g86scsqgfnj6dyqals-rustup-1.29.0"
        },
        "x86_64-darwin": {
          "outputs": [
            {
              "name": "out",
              "path": "/nix/store/lvm2155pfw1b3a9g8cij5g7vx2dk4v9f-rustup-1.29.0",
              "default": true
            }
          ],
          "store_path": "/nix/store/lvm2155pfw1b3a9g8cij5g7vx2dk4v9f-rustup-1.29.0"
        },
        "x86_64-linux": {
          "outputs": [
            {
              "name": "out",
              "path": "/nix/store/0l25mxqzafyqkwh345fy4fj97ggr42fv-rustup-1.29.0",
              "default": true
            }
          ],
          "store_path": "/nix/store/0l25mxqzafyqkwh345fy4fj97ggr42fv-rustup-1.29.0"
        }
      }
    },
    "svt-av1@4.1.0": {
      "last_modified": "2026-08-01T16:34:20Z",
      "resolved": "github:NixOS/nixpkgs/a5cbcfe954791221bfffe2307f7d1a1bf61a871e#svt-av1",
      "source": "devbox-search",
      "version": "4.1.0",
      "systems": {
        "aarch64-darwin": {
          "outputs": [
            {
              "name": "out",
              "path": "/nix/store/1kqa5gwp7sl5ndh7vgng553b9mj8cczq-svt-av1-4.1.0",
              "default": true
            }
          ],
          "store_path": "/nix/store/1kqa5gwp7sl5ndh7vgng553b9mj8cczq-svt-av1-4.1.0"
        },
        "aarch64-linux": {
          "outputs": [
            {
              "name": "out",
              "path": "/nix/store/v1kbpqmfsdhf65k6a7w7iapaz6r1y500-svt-av1-4.1.0",
              "default": true
            }
          ],
          "store_path": "/nix/store/v1kbpqmfsdhf65k6a7w7iapaz6r1y500-svt-av1-4.1.0"
        },
        "x86_64-linux": {
          "outputs": [
            {
              "name": "out",
              "path": "/nix/store/hp02rjcjs66mrqiigny0y3d60cqhwrgh-svt-av1-4.1.0",
              "default": true
            }
          ],
          "store_path": "/nix/store/hp02rjcjs66mrqiigny0y3d60cqhwrgh-svt-av1-4.1.0"
        }
      }
    },
    "x264@0-unstable-2025-01-03": {
      "last_modified": "2026-08-03T09:05:39Z",
      "resolved": "github:NixOS/nixpkgs/104240a772428cc2e20d8fd86c9ddbb886bbaff2#x264",
      "source": "devbox-search",
      "version": "0-unstable-2025-01-03",
      "systems": {
        "aarch64-darwin": {
          "outputs": [
            {
              "name": "out",
              "path": "/nix/store/j4nkxl4fpll09cq8x8r98fpdzxk1m2q5-x264-0-unstable-2025-01-03",
              "default": true
            },
            {
              "name": "dev",
              "path": "/nix/store/0npr00byj3293akwbzk7cais1pq720kl-x264-0-unstable-2025-01-03-dev"
            },
            {
              "name": "lib",
              "path": "/nix/store/dlh5m68srsl6q4xpam649m93wil8ixf5-x264-0-unstable-2025-01-03-lib"
            }
          ],
          "store_path": "/nix/store/j4nkxl4fpll09cq8x8r98fpdzxk1m2q5-x264-0-unstable-2025-01-03"
        },
        "aarch64-linux": {
          "outputs": [
            {
              "name": "out",
              "path": "/nix/store/1xms1gm9752xg0na644r3jxdvkap89aq-x264-0-unstable-2025-01-03",
              "default": true
            },
            {
              "name": "dev",
              "path": "/nix/store/3y7f54h06596krc7jpddq7b25l256i8r-x264-0-unstable-2025-01-03-dev"
            },
            {
              "name": "lib",
              "path": "/nix/store/7k5gk2dnl696d74i8hxchdxfai14l9ch-x264-0-unstable-2025-01-03-lib"
            }
          ],
          "store_path": "/nix/store/1xms1gm9752xg0na644r3jxdvkap89aq-x264-0-unstable-2025-01-03"
        },
        "x86_64-darwin": {
          "outputs": [
            {
              "name": "out",
              "path": "/nix/store/zja0bdq620rx94lqljhl4gx2jp4dphbc-x264-0-unstable-2025-01-03",
              "default": true
            },
            {
              "name": "dev",
              "path": "/nix/store/wq51d79r4ygli8jfadcqqxbyb0jvsw26-x264-0-unstable-2025-01-03-dev"
            },
            {
              "name": "lib",
              "path": "/nix/store/4g2hl1jqdxvfwb7i988b94rly1l0zwp0-x264-0-unstable-2025-01-03-lib"
            }
          ],
          "store_path": "/nix/store/zja0bdq620rx94lqljhl4gx2jp4dphbc-x264-0-unstable-2025-01-03"
        },
        "x86_64-linux": {
          "outputs": [
            {
              "name": "out",
              "path": "/nix/store/ziis8ga2prc5vwvznw1s6v8c2ia71wd6-x264-0-unstable-2025-01-03",
              "default": true
            },
            {
              "name": "dev",
              "path": "/nix/store/n30g9gw62fbdzi9458gnrdahpk0gi948-x264-0-unstable-2025-01-03-dev"
            },
            {
              "name": "lib",
              "path": "/nix/store/bmqiqv0v72y6vb90f0fbsa0nijmkwykw-x264-0-unstable-2025-01-03-lib"
            }
          ],
          "store_path": "/nix/store/ziis8ga2prc5vwvznw1s6v8c2ia71wd6-x264-0-unstable-2025-01-03"
        }
      }
    },
    "x265@4.1": {
      "last_modified": "2026-06-27T07:37:20Z",
      "resolved": "github:NixOS/nixpkgs/3d46470bb3030020f7e1361f33514854f5bfa86d#x265",
      "source": "devbox-search",
      "version": "4.1",
      "systems": {
        "aarch64-darwin": {
          "outputs": [
            {
              "name": "out",
              "path": "/nix/store/s0nxkqbniy1ggcjms4kndcnpx640dc0q-x265-4.1",
              "default": true
            },
            {
              "name": "dev",
              "path": "/nix/store/fyc2qpfa1b58lmp4m0aa41p1n9xghjw8-x265-4.1-dev"
            }
          ],
          "store_path": "/nix/store/s0nxkqbniy1ggcjms4kndcnpx640dc0q-x265-4.1"
        },
        "aarch64-linux": {
          "outputs": [
            {
              "name": "out",
              "path": "/nix/store/5q333cjwns8sn3li75wall08b3cdkhfg-x265-4.1",
              "default": true
            },
            {
              "name": "dev",
              "path": "/nix/store/gjar7621a8cxcwpvbz49v8l24m55l53s-x265-4.1-dev"
            }
          ],
          "store_path": "/nix/store/5q333cjwns8sn3li75wall08b3cdkhfg-x265-4.1"
        },
        "x86_64-darwin": {
          "outputs": [
            {
              "name": "out",
              "path": "/nix/store/xvkzsswg315ndzh3rzg8hacfrxsq3khg-x265-4.1",
              "default": true
            },
            {
              "name": "dev",
              "path": "/nix/store/6cm1i3laq183gry1w4mhacix30k8ww3x-x265-4.1-dev"
            }
          ],
          "store_path": "/nix/store/xvkzsswg315ndzh3rzg8hacfrxsq3khg-x265-4.1"
        },
        "x86_64-linux": {
          "outputs": [
            {
              "name": "out",
              "path": "/nix/store/jczn8rdzvsrr05gjv1fdl237q4gcgr9f-x265-4.1",
              "default": true
            },
            {
              "name": "dev",
              "path": "/nix/store/nd7ajhp4afx535dc779zpl0sdnhh6i9r-x265-4.1-dev"
            }
          ],
          "store_path": "/nix/store/jczn8rdzvsrr05gjv1fdl237q4gcgr9f-x265-4.1"
        }
      }
    }
  }
}
