{
  "lockfile_version": "1",
  "packages": {
    "cargo-deny@0.20.2": {
      "last_modified": "2026-08-27T07:16:00Z",
      "resolved": "github:NixOS/nixpkgs/c27cdad491a991b11ed731760aa2ef8db0cb0410#cargo-deny",
      "source": "devbox-search",
      "version": "0.20.2",
      "systems": {
        "aarch64-darwin": {
          "outputs": [
            {
              "name": "out",
              "path": "/nix/store/nlckq0jhr4y7sn5x47hlhq56c2fgn023-cargo-deny-0.20.2",
              "default": true
            }
          ],
          "store_path": "/nix/store/nlckq0jhr4y7sn5x47hlhq56c2fgn023-cargo-deny-0.20.2"
        },
        "aarch64-linux": {
          "outputs": [
            {
              "name": "out",
              "path": "/nix/store/1qrmrw5g6krig256b70gfki6657albax-cargo-deny-0.20.2",
              "default": true
            }
          ],
          "store_path": "/nix/store/1qrmrw5g6krig256b70gfki6657albax-cargo-deny-0.20.2"
        },
        "x86_64-linux": {
          "outputs": [
            {
              "name": "out",
              "path": "/nix/store/4mdp104vc5j205rd3h7zh9cy2y2ik2jj-cargo-deny-0.20.2",
              "default": true
            }
          ],
          "store_path": "/nix/store/4mdp104vc5j205rd3h7zh9cy2y2ik2jj-cargo-deny-0.20.2"
        }
      }
    },
    "ffmpeg-full@8.1.2": {
      "last_modified": "2026-08-10T07:49:06Z",
      "resolved": "github:NixOS/nixpkgs/d482ef84049d9b7276b83a06e4e4d76983830097#ffmpeg-full",
      "source": "devbox-search",
      "version": "8.1.2",
      "systems": {
        "aarch64-darwin": {
          "outputs": [
            {
              "name": "bin",
              "path": "/nix/store/pnzbhl6np2wagjydg7im2vf2hw3k8c31-ffmpeg-full-8.1.2-bin",
              "default": true
            },
            {
              "name": "man",
              "path": "/nix/store/lvfy23zc56f0cdzkgrh7zmk6vp3mhnsg-ffmpeg-full-8.1.2-man",
              "default": true
            },
            {
              "name": "doc",
              "path": "/nix/store/zlsb782vzriramcm4phgfp2p4w1ppqav-ffmpeg-full-8.1.2-doc"
            },
            {
              "name": "lib",
              "path": "/nix/store/rblray1sh60lqgzpzzapmscc7zikmwl9-ffmpeg-full-8.1.2-lib"
            },
            {
              "name": "out",
              "path": "/nix/store/v33xcrs79m1fv94m61rjmjhgvsznx2z9-ffmpeg-full-8.1.2"
            },
            {
              "name": "data",
              "path": "/nix/store/za5fl8b7im464v8sbdy3i3fwhqvwr71g-ffmpeg-full-8.1.2-data"
            },
            {
              "name": "dev",
              "path": "/nix/store/6nipp99r8l6aqk7504sdrmfzb5s9fdh3-ffmpeg-full-8.1.2-dev"
            }
          ],
          "store_path": "/nix/store/pnzbhl6np2wagjydg7im2vf2hw3k8c31-ffmpeg-full-8.1.2-bin"
        },
        "aarch64-linux": {
          "outputs": [
            {
              "name": "bin",
              "path": "/nix/store/fj0zgvi987gyvh5vnqfnvpb50mfd7qc9-ffmpeg-full-8.1.2-bin",
              "default": true
            },
            {
              "name": "man",
              "path": "/nix/store/c6ss7r3y04iysaivssfdniia873az97w-ffmpeg-full-8.1.2-man",
              "default": true
            },
            {
              "name": "data",
              "path": "/nix/store/n80cxhrlkmb00c8dwyx6hpr8zz65k9d2-ffmpeg-full-8.1.2-data"
            },
            {
              "name": "dev",
              "path": "/nix/store/qhqxk9ij9ig04lca48aljihxyvmsjcy1-ffmpeg-full-8.1.2-dev"
            },
            {
              "name": "doc",
              "path": "/nix/store/r426bgm7hss9j90a1f5nnnxl8lkbnjgg-ffmpeg-full-8.1.2-doc"
            },
            {
              "name": "lib",
              "path": "/nix/store/413q6krh1zdr7j6i9jdlp1v8cym7djak-ffmpeg-full-8.1.2-lib"
            },
            {
              "name": "out",
              "path": "/nix/store/m0ixxb5hrhzhpah2lcpiy7hp7c76l4gz-ffmpeg-full-8.1.2"
            }
          ],
          "store_path": "/nix/store/fj0zgvi987gyvh5vnqfnvpb50mfd7qc9-ffmpeg-full-8.1.2-bin"
        },
        "x86_64-linux": {
          "outputs": [
            {
              "name": "bin",
              "path": "/nix/store/00b8h544v86q9gljsdaca3dwqa01imlv-ffmpeg-full-8.1.2-bin",
              "default": true
            },
            {
              "name": "man",
              "path": "/nix/store/4l2qqx782ggc2bg56wn58rhy99k4wpap-ffmpeg-full-8.1.2-man",
              "default": true
            },
            {
              "name": "out",
              "path": "/nix/store/3dfi7k0crvrgydf6pf5sfmwpnzakmj77-ffmpeg-full-8.1.2"
            },
            {
              "name": "data",
              "path": "/nix/store/hij7n47jm4xjaxqycln7pjmi338zgpgj-ffmpeg-full-8.1.2-data"
            },
            {
              "name": "dev",
              "path": "/nix/store/gn89gkvpnlqijnfbz88549cr3r93psjh-ffmpeg-full-8.1.2-dev"
            },
            {
              "name": "doc",
              "path": "/nix/store/y0a4z56af0jq1dyqqklqikfnk92ln7b3-ffmpeg-full-8.1.2-doc"
            },
            {
              "name": "lib",
              "path": "/nix/store/xwmwp94ih4g398adszag8sarxfq66i61-ffmpeg-full-8.1.2-lib"
            }
          ],
          "store_path": "/nix/store/00b8h544v86q9gljsdaca3dwqa01imlv-ffmpeg-full-8.1.2-bin"
        }
      }
    },
    "github:NixOS/nixpkgs/nixpkgs-unstable": {
      "last_modified": "2026-08-29T00:50:12Z",
      "resolved": "github:NixOS/nixpkgs/e8be7818e19ada32105a8af937a6a473b38167ca?lastModified=1787964612&narHash=sha256-0N9nghg3nwzX6b6qc77EzjR9cu%2FZ%2BUR66FlfsCqiURs%3D"
    },
    "libaom@3.12.1": {
      "last_modified": "2026-08-27T07:16:00Z",
      "resolved": "github:NixOS/nixpkgs/c27cdad491a991b11ed731760aa2ef8db0cb0410#libaom",
      "source": "devbox-search",
      "version": "3.12.1",
      "systems": {
        "aarch64-darwin": {
          "outputs": [
            {
              "name": "out",
              "path": "/nix/store/jqy3jfkvpq9sbcrpz2pa3ym9r0isnd0s-libaom-3.12.1",
              "default": true
            },
            {
              "name": "bin",
              "path": "/nix/store/cp35n835s8xvfnl6nhvi52fdj674flzz-libaom-3.12.1-bin",
              "default": true
            },
            {
              "name": "static",
              "path": "/nix/store/y2li8a5iadzrbs9730wnksqszpvypmq0-libaom-3.12.1-static"
            },
            {
              "name": "dev",
              "path": "/nix/store/l9wr0pk8a9s7xw4b86pbwzi46xakyv2d-libaom-3.12.1-dev"
            }
          ],
          "store_path": "/nix/store/jqy3jfkvpq9sbcrpz2pa3ym9r0isnd0s-libaom-3.12.1"
        },
        "aarch64-linux": {
          "outputs": [
            {
              "name": "out",
              "path": "/nix/store/cvmv3zajmmb3s8vjdv8r3k149c7s1xfb-libaom-3.12.1",
              "default": true
            },
            {
              "name": "bin",
              "path": "/nix/store/y53w48n6kdgx5322m06a9ymms806i1aw-libaom-3.12.1-bin",
              "default": true
            },
            {
              "name": "dev",
              "path": "/nix/store/6i8s44sqrjp6a8zlz8aaylnx4f1j1v0q-libaom-3.12.1-dev"
            },
            {
              "name": "static",
              "path": "/nix/store/7jabnbg0zm574qixg2snkjpwv5k1am1x-libaom-3.12.1-static"
            }
          ],
          "store_path": "/nix/store/cvmv3zajmmb3s8vjdv8r3k149c7s1xfb-libaom-3.12.1"
        },
        "x86_64-darwin": {
          "outputs": [
            {
              "name": "out",
              "path": "/nix/store/y56vyahmlivfir66r2fnjiaw8zqjbcww-libaom-3.12.1",
              "default": true
            },
            {
              "name": "bin",
              "path": "/nix/store/dha4pvy6xxw8z1qgxj33ph2h13qfvgz8-libaom-3.12.1-bin",
              "default": true
            },
            {
              "name": "static",
              "path": "/nix/store/8vznw3ybw0nnhvx9mhg3zvwhd1rcw2h7-libaom-3.12.1-static"
            },
            {
              "name": "dev",
              "path": "/nix/store/2vs1q9kp3wf53kkf0540i78z8hgk849j-libaom-3.12.1-dev"
            }
          ],
          "store_path": "/nix/store/y56vyahmlivfir66r2fnjiaw8zqjbcww-libaom-3.12.1"
        },
        "x86_64-linux": {
          "outputs": [
            {
              "name": "out",
              "path": "/nix/store/2611fcrmmcwfcqxpfwi0kks144k5xpjf-libaom-3.12.1",
              "default": true
            },
            {
              "name": "bin",
              "path": "/nix/store/v4lg85rz3cn0n1m2p8ld54ljp1gyd9wb-libaom-3.12.1-bin",
              "default": true
            },
            {
              "name": "dev",
              "path": "/nix/store/lfsyk53dqkf9y737z2dvmhf9blsf4brj-libaom-3.12.1-dev"
            },
            {
              "name": "static",
              "path": "/nix/store/bb4wh85n3p0ifi06kdp12w6p6qxsjxip-libaom-3.12.1-static"
            }
          ],
          "store_path": "/nix/store/2611fcrmmcwfcqxpfwi0kks144k5xpjf-libaom-3.12.1"
        }
      }
    },
    "libclang@21.1.8": {
      "last_modified": "2026-08-27T07:16:00Z",
      "resolved": "github:NixOS/nixpkgs/c27cdad491a991b11ed731760aa2ef8db0cb0410#libclang",
      "source": "devbox-search",
      "version": "21.1.8",
      "systems": {
        "aarch64-darwin": {
          "outputs": [
            {
              "name": "out",
              "path": "/nix/store/6fgrwdc1iwn27zqi1gvkgvzjginbr9k6-clang-21.1.8",
              "default": true
            },
            {
              "name": "dev",
              "path": "/nix/store/a43nbwqzb39kciv8rpmfnwafcjnbv8ad-clang-21.1.8-dev"
            },
            {
              "name": "lib",
              "path": "/nix/store/w4qg2z0li0x73qm47cs0aqr9vxpbir23-clang-21.1.8-lib"
            },
            {
              "name": "python",
              "path": "/nix/store/qzrn1ri8dlll7c09r7c9hs1wm5ww457w-clang-21.1.8-python"
            }
          ],
          "store_path": "/nix/store/6fgrwdc1iwn27zqi1gvkgvzjginbr9k6-clang-21.1.8"
        },
        "aarch64-linux": {
          "outputs": [
            {
              "name": "out",
              "path": "/nix/store/z95yngnzq1qfiq8r2a2cmjs25gqxyd4b-clang-21.1.8",
              "default": true
            },
            {
              "name": "python",
              "path": "/nix/store/x7q0gi1zk5xzlh7ygrvw98r8xq75wj75-clang-21.1.8-python"
            },
            {
              "name": "debug",
              "path": "/nix/store/jsh6j3j0dj6ccdlwi0gnxd425cl0mwfk-clang-21.1.8-debug"
            },
            {
              "name": "dev",
              "path": "/nix/store/mwnryd1cdp7mxhrwckzvhbn38yl7l26n-clang-21.1.8-dev"
            },
            {
              "name": "lib",
              "path": "/nix/store/bl7a3yyacba8jpz8nd2nxg7a8vjclq3b-clang-21.1.8-lib"
            }
          ],
          "store_path": "/nix/store/z95yngnzq1qfiq8r2a2cmjs25gqxyd4b-clang-21.1.8"
        },
        "x86_64-darwin": {
          "outputs": [
            {
              "name": "out",
              "path": "/nix/store/i90sjn9ja8fd0r52dkiidvdqqbqvja4k-clang-21.1.8",
              "default": true
            },
            {
              "name": "dev",
              "path": "/nix/store/x548sh4xxcdqlmpdxl0782khqmjrkkdz-clang-21.1.8-dev"
            },
            {
              "name": "lib",
              "path": "/nix/store/agysx04idaami2sf2qdrrx988f8r31n7-clang-21.1.8-lib"
            },
            {
              "name": "python",
              "path": "/nix/store/1g53yiczg5na8s30h0n4r8pz0lnlclh2-clang-21.1.8-python"
            }
          ],
          "store_path": "/nix/store/i90sjn9ja8fd0r52dkiidvdqqbqvja4k-clang-21.1.8"
        },
        "x86_64-linux": {
          "outputs": [
            {
              "name": "out",
              "path": "/nix/store/603yaax3l2jmc0hfv6g3hgjr1qk5jfxk-clang-21.1.8",
              "default": true
            },
            {
              "name": "debug",
              "path": "/nix/store/fn5lnm9ka51zap40v8i9v0ykgjlzj91n-clang-21.1.8-debug"
            },
            {
              "name": "dev",
              "path": "/nix/store/06w7nc3znmzbw227ksbcj3kzv2dvnqpd-clang-21.1.8-dev"
            },
            {
              "name": "lib",
              "path": "/nix/store/yc2a9854a2y2c8kci88piblc847iq1l4-clang-21.1.8-lib"
            },
            {
              "name": "python",
              "path": "/nix/store/bvsarb3jx1ixnwfrrwkbvd2kx118kcma-clang-21.1.8-python"
            }
          ],
          "store_path": "/nix/store/603yaax3l2jmc0hfv6g3hgjr1qk5jfxk-clang-21.1.8"
        }
      }
    },
    "libvpx@1.16.0": {
      "last_modified": "2026-08-27T07:16:00Z",
      "resolved": "github:NixOS/nixpkgs/c27cdad491a991b11ed731760aa2ef8db0cb0410#libvpx",
      "source": "devbox-search",
      "version": "1.16.0",
      "systems": {
        "aarch64-darwin": {
          "outputs": [
            {
              "name": "bin",
              "path": "/nix/store/39ya5kq02c5r6frdfg11hxwbfgldqhvk-libvpx-1.16.0-bin",
              "default": true
            },
            {
              "name": "dev",
              "path": "/nix/store/xyq7ba5h9qr7y54cgz60apcjib0j4zh1-libvpx-1.16.0-dev"
            },
            {
              "name": "out",
              "path": "/nix/store/197f6rmxa78hi1n3wffypafpp7vppjzm-libvpx-1.16.0"
            }
          ],
          "store_path": "/nix/store/39ya5kq02c5r6frdfg11hxwbfgldqhvk-libvpx-1.16.0-bin"
        },
        "aarch64-linux": {
          "outputs": [
            {
              "name": "bin",
              "path": "/nix/store/zygbh2za4k5pam5604zb66chvdqfimjv-libvpx-1.16.0-bin",
              "default": true
            },
            {
              "name": "dev",
              "path": "/nix/store/hwvy2sav3437yz4dqsqdlbm2wgifrrld-libvpx-1.16.0-dev"
            },
            {
              "name": "out",
              "path": "/nix/store/12s6774szcbjplyqh92ingdr1f3hsjis-libvpx-1.16.0"
            }
          ],
          "store_path": "/nix/store/zygbh2za4k5pam5604zb66chvdqfimjv-libvpx-1.16.0-bin"
        },
        "x86_64-darwin": {
          "outputs": [
            {
              "name": "bin",
              "path": "/nix/store/6mka8b5rib1g4jvggjl4xbkbnrmk4njb-libvpx-1.16.0-bin",
              "default": true
            },
            {
              "name": "dev",
              "path": "/nix/store/gav6qlzi1z6l10hdn5vnagw2r5gi3xyh-libvpx-1.16.0-dev"
            },
            {
              "name": "out",
              "path": "/nix/store/01w180y2vsia4my0l3xjm1mcr898c87l-libvpx-1.16.0"
            }
          ],
          "store_path": "/nix/store/6mka8b5rib1g4jvggjl4xbkbnrmk4njb-libvpx-1.16.0-bin"
        },
        "x86_64-linux": {
          "outputs": [
            {
              "name": "bin",
              "path": "/nix/store/n8r4i00bjw4h55jvwl2xbl6rvwjgx229-libvpx-1.16.0-bin",
              "default": true
            },
            {
              "name": "out",
              "path": "/nix/store/r3i7mzw7ldf6wsic425ay23hqr6n76ds-libvpx-1.16.0"
            },
            {
              "name": "dev",
              "path": "/nix/store/1smdlb911ss75xkka15zw8w9pfm9zw6n-libvpx-1.16.0-dev"
            }
          ],
          "store_path": "/nix/store/n8r4i00bjw4h55jvwl2xbl6rvwjgx229-libvpx-1.16.0-bin"
        }
      }
    },
    "mkvtoolnix-cli@97.0": {
      "last_modified": "2026-03-21T07:29:51Z",
      "resolved": "github:NixOS/nixpkgs/09061f748ee21f68a089cd5d91ec1859cd93d0be#mkvtoolnix-cli",
      "source": "devbox-search",
      "version": "97.0",
      "systems": {
        "aarch64-darwin": {
          "outputs": [
            {
              "name": "out",
              "path": "/nix/store/8gnhaj90qbjcl7v5z0hri5l38vxiy9xz-mkvtoolnix-97.0",
              "default": true
            }
          ],
          "store_path": "/nix/store/8gnhaj90qbjcl7v5z0hri5l38vxiy9xz-mkvtoolnix-97.0"
        },
        "aarch64-linux": {
          "outputs": [
            {
              "name": "out",
              "path": "/nix/store/dn1c6a0sf0ycz4n0fd78vwy0f1w59ngq-mkvtoolnix-97.0",
              "default": true
            }
          ],
          "store_path": "/nix/store/dn1c6a0sf0ycz4n0fd78vwy0f1w59ngq-mkvtoolnix-97.0"
        },
        "x86_64-darwin": {
          "outputs": [
            {
              "name": "out",
              "path": "/nix/store/sh5sw5bjzp498l87vfr5a70hvx5hwwkm-mkvtoolnix-97.0",
              "default": true
            }
          ],
          "store_path": "/nix/store/sh5sw5bjzp498l87vfr5a70hvx5hwwkm-mkvtoolnix-97.0"
        },
        "x86_64-linux": {
          "outputs": [
            {
              "name": "out",
              "path": "/nix/store/0rqihimkfrp8d0qh90yxx94dyzrldvkf-mkvtoolnix-97.0",
              "default": true
            }
          ],
          "store_path": "/nix/store/0rqihimkfrp8d0qh90yxx94dyzrldvkf-mkvtoolnix-97.0"
        }
      }
    },
    "nasm@3.01": {
      "last_modified": "2026-07-08T21:13:06Z",
      "resolved": "github:NixOS/nixpkgs/389ed85304b281ca7f306cf8a1eb4378651ca44e#nasm",
      "source": "devbox-search",
      "version": "3.01",
      "systems": {
        "aarch64-darwin": {
          "outputs": [
            {
              "name": "out",
              "path": "/nix/store/lhqh94wilf3qzhl8gizasnsld2bfr138-nasm-3.01",
              "default": true
            }
          ],
          "store_path": "/nix/store/lhqh94wilf3qzhl8gizasnsld2bfr138-nasm-3.01"
        },
        "aarch64-linux": {
          "outputs": [
            {
              "name": "out",
              "path": "/nix/store/j61qnwm9n9xhpmb1yc7p24n9v776hvvc-nasm-3.01",
              "default": true
            }
          ],
          "store_path": "/nix/store/j61qnwm9n9xhpmb1yc7p24n9v776hvvc-nasm-3.01"
        },
        "x86_64-darwin": {
          "outputs": [
            {
              "name": "out",
              "path": "/nix/store/1rgzx3i28pryrhap3bbadm7h0nnkr2hy-nasm-3.01",
              "default": true
            }
          ],
          "store_path": "/nix/store/1rgzx3i28pryrhap3bbadm7h0nnkr2hy-nasm-3.01"
        },
        "x86_64-linux": {
          "outputs": [
            {
              "name": "out",
              "path": "/nix/store/bzjmd451pmj31s3j05apwd1mix6p4i0m-nasm-3.01",
              "default": true
            }
          ],
          "store_path": "/nix/store/bzjmd451pmj31s3j05apwd1mix6p4i0m-nasm-3.01"
        }
      }
    },
    "pkg-config@0.29.2": {
      "last_modified": "2025-11-23T21:50:36Z",
      "resolved": "github:NixOS/nixpkgs/ee09932cedcef15aaf476f9343d1dea2cb77e261#pkg-config",
      "source": "devbox-search",
      "version": "0.29.2",
      "systems": {
        "aarch64-darwin": {
          "outputs": [
            {
              "name": "out",
              "path": "/nix/store/hygaaqwk9ylklp0ybwppqhw75nz8ya41-pkg-config-wrapper-0.29.2",
              "default": true
            },
            {
              "name": "man",
              "path": "/nix/store/9px0sji43x3r2w4zxl3j3idwsql7lwxx-pkg-config-wrapper-0.29.2-man",
              "default": true
            },
            {
              "name": "doc",
              "path": "/nix/store/hqk44ra6qxw7iixardl6c3hdgb9kq6ns-pkg-config-wrapper-0.29.2-doc"
            }
          ],
          "store_path": "/nix/store/hygaaqwk9ylklp0ybwppqhw75nz8ya41-pkg-config-wrapper-0.29.2"
        },
        "aarch64-linux": {
          "outputs": [
            {
              "name": "out",
              "path": "/nix/store/lbiigi8qbp7mzf1lpr7p982l1kyf01ql-pkg-config-wrapper-0.29.2",
              "default": true
            },
            {
              "name": "man",
              "path": "/nix/store/10060k24qggqyzlwdsfmni9y32zxcg0j-pkg-config-wrapper-0.29.2-man",
              "default": true
            },
            {
              "name": "doc",
              "path": "/nix/store/0y4v51ndpyvkj09hwlfqkz0c3h17zfmc-pkg-config-wrapper-0.29.2-doc"
            }
          ],
          "store_path": "/nix/store/lbiigi8qbp7mzf1lpr7p982l1kyf01ql-pkg-config-wrapper-0.29.2"
        },
        "x86_64-darwin": {
          "outputs": [
            {
              "name": "out",
              "path": "/nix/store/vknadizq0q5kffvx6y4379p9gdry9zq3-pkg-config-wrapper-0.29.2",
              "default": true
            },
            {
              "name": "man",
              "path": "/nix/store/1nyspra675q22gfhf7hn2nmfpi6rgim5-pkg-config-wrapper-0.29.2-man",
              "default": true
            },
            {
              "name": "doc",
              "path": "/nix/store/7lq1axxwrafwljs06n88bzyz9w523rkc-pkg-config-wrapper-0.29.2-doc"
            }
          ],
          "store_path": "/nix/store/vknadizq0q5kffvx6y4379p9gdry9zq3-pkg-config-wrapper-0.29.2"
        },
        "x86_64-linux": {
          "outputs": [
            {
              "name": "out",
              "path": "/nix/store/8vdiwpbh0g4avsd6x5v4s0di32vcl3dp-pkg-config-wrapper-0.29.2",
              "default": true
            },
            {
              "name": "man",
              "path": "/nix/store/j9xfpnrygg3v37svc5pfin9q5bm49r94-pkg-config-wrapper-0.29.2-man",
              "default": true
            },
            {
              "name": "doc",
              "path": "/nix/store/x3bypxdxaq20kykybhkf21x4jczsiy8y-pkg-config-wrapper-0.29.2-doc"
            }
          ],
          "store_path": "/nix/store/8vdiwpbh0g4avsd6x5v4s0di32vcl3dp-pkg-config-wrapper-0.29.2"
        }
      }
    },
    "pre-commit@4.5.1": {
      "last_modified": "2026-08-27T07:16:00Z",
      "resolved": "github:NixOS/nixpkgs/c27cdad491a991b11ed731760aa2ef8db0cb0410#pre-commit",
      "source": "devbox-search",
      "version": "4.5.1",
      "systems": {
        "aarch64-darwin": {
          "outputs": [
            {
              "name": "out",
              "path": "/nix/store/fg50lvs8kf5jcbfmn578h5z6wiay1p4m-pre-commit-4.5.1",
              "default": true
            },
            {
              "name": "dist",
              "path": "/nix/store/5lk0zm075qic9mcjanlnlvvf67kzfjb5-pre-commit-4.5.1-dist"
            }
          ],
          "store_path": "/nix/store/fg50lvs8kf5jcbfmn578h5z6wiay1p4m-pre-commit-4.5.1"
        },
        "aarch64-linux": {
          "outputs": [
            {
              "name": "out",
              "path": "/nix/store/sdm1k3b5d5gy5szf3ialbd6kxplz332w-pre-commit-4.5.1",
              "default": true
            },
            {
              "name": "dist",
              "path": "/nix/store/6qdl4bh053c41zkp4bvj18s3f38y319y-pre-commit-4.5.1-dist"
            }
          ],
          "store_path": "/nix/store/sdm1k3b5d5gy5szf3ialbd6kxplz332w-pre-commit-4.5.1"
        },
        "x86_64-darwin": {
          "outputs": [
            {
              "name": "out",
              "path": "/nix/store/51i9rjiyhdnxd96rp3cc8ykhcld7zhqq-pre-commit-4.5.1",
              "default": true
            },
            {
              "name": "dist",
              "path": "/nix/store/hphzzlh3q6nz74px0mq2a1h7yqkyr35b-pre-commit-4.5.1-dist"
            }
          ],
          "store_path": "/nix/store/51i9rjiyhdnxd96rp3cc8ykhcld7zhqq-pre-commit-4.5.1"
        },
        "x86_64-linux": {
          "outputs": [
            {
              "name": "out",
              "path": "/nix/store/qmf95a0dq52f0nffcq6xavpl6zsmd91s-pre-commit-4.5.1",
              "default": true
            },
            {
              "name": "dist",
              "path": "/nix/store/z1bnarx0px935kmfp65izm92kdiml08g-pre-commit-4.5.1-dist"
            }
          ],
          "store_path": "/nix/store/qmf95a0dq52f0nffcq6xavpl6zsmd91s-pre-commit-4.5.1"
        }
      }
    },
    "rav1e@0.8.1": {
      "last_modified": "2026-08-27T07:16:00Z",
      "resolved": "github:NixOS/nixpkgs/c27cdad491a991b11ed731760aa2ef8db0cb0410#rav1e",
      "source": "devbox-search",
      "version": "0.8.1",
      "systems": {
        "aarch64-darwin": {
          "outputs": [
            {
              "name": "out",
              "path": "/nix/store/fiw5cbxkiwhzhm1i335sj8kkwqmqbhi4-rav1e-0.8.1",
              "default": true
            }
          ],
          "store_path": "/nix/store/fiw5cbxkiwhzhm1i335sj8kkwqmqbhi4-rav1e-0.8.1"
        },
        "aarch64-linux": {
          "outputs": [
            {
              "name": "out",
              "path": "/nix/store/vdvkldm6gavn725l6mxmx4c8lwmlgms6-rav1e-0.8.1",
              "default": true
            }
          ],
          "store_path": "/nix/store/vdvkldm6gavn725l6mxmx4c8lwmlgms6-rav1e-0.8.1"
        },
        "x86_64-darwin": {
          "outputs": [
            {
              "name": "out",
              "path": "/nix/store/9l2dslff156lsizmh18jx1csmlrhj6j1-rav1e-0.8.1",
              "default": true
            }
          ],
          "store_path": "/nix/store/9l2dslff156lsizmh18jx1csmlrhj6j1-rav1e-0.8.1"
        },
        "x86_64-linux": {
          "outputs": [
            {
              "name": "out",
              "path": "/nix/store/ysnp4fb6qqk9h5mm87gpkdph26gdnzby-rav1e-0.8.1",
              "default": true
            }
          ],
          "store_path": "/nix/store/ysnp4fb6qqk9h5mm87gpkdph26gdnzby-rav1e-0.8.1"
        }
      }
    },
    "rustup@1.29.0": {
      "last_modified": "2026-08-27T07:16:00Z",
      "plugin_version": "0.0.1",
      "resolved": "github:NixOS/nixpkgs/c27cdad491a991b11ed731760aa2ef8db0cb0410#rustup",
      "source": "devbox-search",
      "version": "1.29.0",
      "systems": {
        "aarch64-darwin": {
          "outputs": [
            {
              "name": "out",
              "path": "/nix/store/1x8jzaxfv0bak76xkr5li258cal51n99-rustup-1.29.0",
              "default": true
            }
          ],
          "store_path": "/nix/store/1x8jzaxfv0bak76xkr5li258cal51n99-rustup-1.29.0"
        },
        "aarch64-linux": {
          "outputs": [
            {
              "name": "out",
              "path": "/nix/store/iwq43bwclkay14x5x5bfj955ffphaqff-rustup-1.29.0",
              "default": true
            }
          ],
          "store_path": "/nix/store/iwq43bwclkay14x5x5bfj955ffphaqff-rustup-1.29.0"
        },
        "x86_64-darwin": {
          "outputs": [
            {
              "name": "out",
              "path": "/nix/store/lvm2155pfw1b3a9g8cij5g7vx2dk4v9f-rustup-1.29.0",
              "default": true
            }
          ],
          "store_path": "/nix/store/lvm2155pfw1b3a9g8cij5g7vx2dk4v9f-rustup-1.29.0"
        },
        "x86_64-linux": {
          "outputs": [
            {
              "name": "out",
              "path": "/nix/store/cdgc1rh9s22n5i5cgr96vda0pjx1xg3x-rustup-1.29.0",
              "default": true
            }
          ],
          "store_path": "/nix/store/cdgc1rh9s22n5i5cgr96vda0pjx1xg3x-rustup-1.29.0"
        }
      }
    },
    "svt-av1@4.1.0": {
      "last_modified": "2026-08-27T07:16:00Z",
      "resolved": "github:NixOS/nixpkgs/c27cdad491a991b11ed731760aa2ef8db0cb0410#svt-av1",
      "source": "devbox-search",
      "version": "4.1.0",
      "systems": {
        "aarch64-darwin": {
          "outputs": [
            {
              "name": "out",
              "path": "/nix/store/f9x8yhid0gk4w4wizjbj267xc7nazxbx-svt-av1-4.1.0",
              "default": true
            }
          ],
          "store_path": "/nix/store/f9x8yhid0gk4w4wizjbj267xc7nazxbx-svt-av1-4.1.0"
        },
        "aarch64-linux": {
          "outputs": [
            {
              "name": "out",
              "path": "/nix/store/f8z8sw6pzj9s8ka6j476jw2022dk67z1-svt-av1-4.1.0",
              "default": true
            }
          ],
          "store_path": "/nix/store/f8z8sw6pzj9s8ka6j476jw2022dk67z1-svt-av1-4.1.0"
        },
        "x86_64-linux": {
          "outputs": [
            {
              "name": "out",
              "path": "/nix/store/jy87349mrlp410y87rgga65h3dgkyw1x-svt-av1-4.1.0",
              "default": true
            }
          ],
          "store_path": "/nix/store/jy87349mrlp410y87rgga65h3dgkyw1x-svt-av1-4.1.0"
        }
      }
    },
    "x264@0-unstable-2025-01-03": {
      "last_modified": "2026-08-27T07:16:00Z",
      "resolved": "github:NixOS/nixpkgs/c27cdad491a991b11ed731760aa2ef8db0cb0410#x264",
      "source": "devbox-search",
      "version": "0-unstable-2025-01-03",
      "systems": {
        "aarch64-darwin": {
          "outputs": [
            {
              "name": "out",
              "path": "/nix/store/ykkasw0ps87ldpm1kivxq79bvwcic29f-x264-0-unstable-2025-01-03",
              "default": true
            },
            {
              "name": "dev",
              "path": "/nix/store/fzsldgv9jlcv0in1xm055skkc149nyps-x264-0-unstable-2025-01-03-dev"
            },
            {
              "name": "lib",
              "path": "/nix/store/sr8p0113yqc0mk70vj73kcpzk5bq12ic-x264-0-unstable-2025-01-03-lib"
            }
          ],
          "store_path": "/nix/store/ykkasw0ps87ldpm1kivxq79bvwcic29f-x264-0-unstable-2025-01-03"
        },
        "aarch64-linux": {
          "outputs": [
            {
              "name": "out",
              "path": "/nix/store/zg32jjc9m9ph198vg8rg2khad0xqsmjj-x264-0-unstable-2025-01-03",
              "default": true
            },
            {
              "name": "lib",
              "path": "/nix/store/xqzknjzgl7sfylybxlk1063aabdpnlr6-x264-0-unstable-2025-01-03-lib"
            },
            {
              "name": "dev",
              "path": "/nix/store/ri0bi3c0mr37sdbgpnglw2jn2jibcgs0-x264-0-unstable-2025-01-03-dev"
            }
          ],
          "store_path": "/nix/store/zg32jjc9m9ph198vg8rg2khad0xqsmjj-x264-0-unstable-2025-01-03"
        },
        "x86_64-darwin": {
          "outputs": [
            {
              "name": "out",
              "path": "/nix/store/zja0bdq620rx94lqljhl4gx2jp4dphbc-x264-0-unstable-2025-01-03",
              "default": true
            },
            {
              "name": "dev",
              "path": "/nix/store/wq51d79r4ygli8jfadcqqxbyb0jvsw26-x264-0-unstable-2025-01-03-dev"
            },
            {
              "name": "lib",
              "path": "/nix/store/4g2hl1jqdxvfwb7i988b94rly1l0zwp0-x264-0-unstable-2025-01-03-lib"
            }
          ],
          "store_path": "/nix/store/zja0bdq620rx94lqljhl4gx2jp4dphbc-x264-0-unstable-2025-01-03"
        },
        "x86_64-linux": {
          "outputs": [
            {
              "name": "out",
              "path": "/nix/store/y6ghy70jlyj03iy5z1qiif33ivz0l2p4-x264-0-unstable-2025-01-03",
              "default": true
            },
            {
              "name": "dev",
              "path": "/nix/store/2x2r659sm0m2hari5j57nc5r14bicwi4-x264-0-unstable-2025-01-03-dev"
            },
            {
              "name": "lib",
              "path": "/nix/store/h9910ivs5wwqjzvxirs6m8b8r9i926nq-x264-0-unstable-2025-01-03-lib"
            }
          ],
          "store_path": "/nix/store/y6ghy70jlyj03iy5z1qiif33ivz0l2p4-x264-0-unstable-2025-01-03"
        }
      }
    },
    "x265@4.1": {
      "last_modified": "2026-06-27T07:37:20Z",
      "resolved": "github:NixOS/nixpkgs/3d46470bb3030020f7e1361f33514854f5bfa86d#x265",
      "source": "devbox-search",
      "version": "4.1",
      "systems": {
        "aarch64-darwin": {
          "outputs": [
            {
              "name": "out",
              "path": "/nix/store/s0nxkqbniy1ggcjms4kndcnpx640dc0q-x265-4.1",
              "default": true
            },
            {
              "name": "dev",
              "path": "/nix/store/fyc2qpfa1b58lmp4m0aa41p1n9xghjw8-x265-4.1-dev"
            }
          ],
          "store_path": "/nix/store/s0nxkqbniy1ggcjms4kndcnpx640dc0q-x265-4.1"
        },
        "aarch64-linux": {
          "outputs": [
            {
              "name": "out",
              "path": "/nix/store/5q333cjwns8sn3li75wall08b3cdkhfg-x265-4.1",
              "default": true
            },
            {
              "name": "dev",
              "path": "/nix/store/gjar7621a8cxcwpvbz49v8l24m55l53s-x265-4.1-dev"
            }
          ],
          "store_path": "/nix/store/5q333cjwns8sn3li75wall08b3cdkhfg-x265-4.1"
        },
        "x86_64-darwin": {
          "outputs": [
            {
              "name": "out",
              "path": "/nix/store/xvkzsswg315ndzh3rzg8hacfrxsq3khg-x265-4.1",
              "default": true
            },
            {
              "name": "dev",
              "path": "/nix/store/6cm1i3laq183gry1w4mhacix30k8ww3x-x265-4.1-dev"
            }
          ],
          "store_path": "/nix/store/xvkzsswg315ndzh3rzg8hacfrxsq3khg-x265-4.1"
        },
        "x86_64-linux": {
          "outputs": [
            {
              "name": "out",
              "path": "/nix/store/jczn8rdzvsrr05gjv1fdl237q4gcgr9f-x265-4.1",
              "default": true
            },
            {
              "name": "dev",
              "path": "/nix/store/nd7ajhp4afx535dc779zpl0sdnhh6i9r-x265-4.1-dev"
            }
          ],
          "store_path": "/nix/store/jczn8rdzvsrr05gjv1fdl237q4gcgr9f-x265-4.1"
        }
      }
    }
  }
}
