{
  "lockfile-version": 1,
  "manifest": {
    "schema-version": "1.10.0",
    "install": {
      "cargo": {
        "pkg-path": "cargo",
        "pkg-group": "rust-toolchain",
        "version": "1.93.0"
      },
      "cargo-deny": {
        "pkg-path": "cargo-deny",
        "pkg-group": "cargo-deny",
        "version": "0.19.0"
      },
      "clippy": {
        "pkg-path": "clippy",
        "pkg-group": "rust-toolchain",
        "version": "1.93.0"
      },
      "ffmpeg": {
        "pkg-path": "ffmpeg-full",
        "version": "8.0.1",
        "outputs": [
          "bin",
          "dev",
          "lib"
        ]
      },
      "gcc": {
        "pkg-path": "gcc"
      },
      "libaom": {
        "pkg-path": "libaom"
      },
      "libclang": {
        "pkg-path": "libclang",
        "outputs": [
          "dev"
        ]
      },
      "libvpx": {
        "pkg-path": "libvpx"
      },
      "mkvtoolnix-cli": {
        "pkg-path": "mkvtoolnix-cli"
      },
      "nasm": {
        "pkg-path": "nasm"
      },
      "pkg-config": {
        "pkg-path": "pkg-config"
      },
      "pre-commit": {
        "pkg-path": "pre-commit",
        "pkg-group": "pre-commit",
        "version": "4.5.1"
      },
      "rav1e": {
        "pkg-path": "rav1e"
      },
      "rust-analyzer": {
        "pkg-path": "rust-analyzer",
        "pkg-group": "rust-analyzer"
      },
      "rust-lib-src": {
        "pkg-path": "rustPlatform.rustLibSrc",
        "pkg-group": "rust-toolchain"
      },
      "rustc": {
        "pkg-path": "rustc",
        "pkg-group": "rust-toolchain",
        "version": "1.93.0"
      },
      "rustfmt": {
        "pkg-path": "rustfmt",
        "pkg-group": "rust-toolchain",
        "version": "1.93.0"
      },
      "svt-av1": {
        "pkg-path": "svt-av1"
      },
      "x264": {
        "pkg-path": "x264"
      },
      "x265": {
        "pkg-path": "x265"
      }
    },
    "hook": {
      "on-activate": "  export LIBCLANG_PATH=\"$FLOX_ENV/lib\"\n  cargo fetch\n  pre-commit install\n"
    },
    "options": {
      "systems": [
        "x86_64-linux"
      ]
    }
  },
  "packages": [
    {
      "attr_path": "cargo-deny",
      "broken": false,
      "derivation": "/nix/store/30cw9gfwnnxs4d35j1k2agapgrswqzpz-cargo-deny-0.19.0.drv",
      "description": "Cargo plugin for linting your dependencies",
      "install_id": "cargo-deny",
      "license": "[ Apache-2.0, MIT ]",
      "locked_url": "https://github.com/flox/nixpkgs?rev=b40629efe5d6ec48dd1efba650c797ddbd39ace0",
      "name": "cargo-deny-0.19.0",
      "pname": "cargo-deny",
      "rev": "b40629efe5d6ec48dd1efba650c797ddbd39ace0",
      "rev_count": 964859,
      "rev_date": "2026-03-18T08:17:15Z",
      "scrape_date": "2026-03-20T02:16:24.614069Z",
      "stabilities": [
        "staging",
        "unstable"
      ],
      "unfree": false,
      "version": "0.19.0",
      "outputs_to_install": [
        "out"
      ],
      "outputs": {
        "out": "/nix/store/jld7vprd8kf2cgchdmkw2bb6d48hw30i-cargo-deny-0.19.0"
      },
      "system": "x86_64-linux",
      "group": "cargo-deny",
      "priority": 5
    },
    {
      "attr_path": "pre-commit",
      "broken": false,
      "derivation": "/nix/store/bqfs6iph4fwq33z8jn9pmya3qx7dflq3-pre-commit-4.5.1.drv",
      "description": "Framework for managing and maintaining multi-language pre-commit hooks",
      "install_id": "pre-commit",
      "license": "MIT",
      "locked_url": "https://github.com/flox/nixpkgs?rev=b40629efe5d6ec48dd1efba650c797ddbd39ace0",
      "name": "pre-commit-4.5.1",
      "pname": "pre-commit",
      "rev": "b40629efe5d6ec48dd1efba650c797ddbd39ace0",
      "rev_count": 964859,
      "rev_date": "2026-03-18T08:17:15Z",
      "scrape_date": "2026-03-20T02:17:30.966670Z",
      "stabilities": [
        "staging",
        "unstable"
      ],
      "unfree": false,
      "version": "4.5.1",
      "outputs_to_install": [
        "out"
      ],
      "outputs": {
        "dist": "/nix/store/vrki0hn1cgian14drdx35ykprfcvb6lr-pre-commit-4.5.1-dist",
        "out": "/nix/store/dmp9i793l0hhwzng8601p3wl8d30q2dd-pre-commit-4.5.1"
      },
      "system": "x86_64-linux",
      "group": "pre-commit",
      "priority": 5
    },
    {
      "attr_path": "rust-analyzer",
      "broken": false,
      "derivation": "/nix/store/49fzlv714l4p2f3nabnihw2a116c1lhi-rust-analyzer-2026-03-16.drv",
      "description": "Language server for the Rust language",
      "install_id": "rust-analyzer",
      "license": "[ MIT, Apache-2.0 ]",
      "locked_url": "https://github.com/flox/nixpkgs?rev=b40629efe5d6ec48dd1efba650c797ddbd39ace0",
      "name": "rust-analyzer-2026-03-16",
      "pname": "rust-analyzer",
      "rev": "b40629efe5d6ec48dd1efba650c797ddbd39ace0",
      "rev_count": 964859,
      "rev_date": "2026-03-18T08:17:15Z",
      "scrape_date": "2026-03-20T02:18:41.894062Z",
      "stabilities": [
        "staging",
        "unstable"
      ],
      "unfree": false,
      "version": "2026-03-16",
      "outputs_to_install": [
        "out"
      ],
      "outputs": {
        "out": "/nix/store/2dccknsxza5iz7phn95j57i5vl3zqx1p-rust-analyzer-2026-03-16"
      },
      "system": "x86_64-linux",
      "group": "rust-analyzer",
      "priority": 5
    },
    {
      "attr_path": "cargo",
      "broken": false,
      "derivation": "/nix/store/jk32mh50pjnj63zjvk00dvmyxsjc25gn-cargo-1.93.0.drv",
      "description": "Downloads your Rust project's dependencies and builds your project",
      "install_id": "cargo",
      "license": "[ MIT, Apache-2.0 ]",
      "locked_url": "https://github.com/flox/nixpkgs?rev=b40629efe5d6ec48dd1efba650c797ddbd39ace0",
      "name": "cargo-1.93.0",
      "pname": "cargo",
      "rev": "b40629efe5d6ec48dd1efba650c797ddbd39ace0",
      "rev_count": 964859,
      "rev_date": "2026-03-18T08:17:15Z",
      "scrape_date": "2026-03-20T02:16:24.607477Z",
      "stabilities": [
        "staging",
        "unstable"
      ],
      "unfree": false,
      "version": "1.93.0",
      "outputs_to_install": [
        "out"
      ],
      "outputs": {
        "out": "/nix/store/p96faw8wiwi10cy94hr42gzmiapv15fm-cargo-1.93.0"
      },
      "system": "x86_64-linux",
      "group": "rust-toolchain",
      "priority": 5
    },
    {
      "attr_path": "clippy",
      "broken": false,
      "derivation": "/nix/store/sblp67332mcy5h7rnyhl6w002wj442q0-clippy-1.93.0.drv",
      "description": "Bunch of lints to catch common mistakes and improve your Rust code",
      "install_id": "clippy",
      "license": "[ MIT, Apache-2.0 ]",
      "locked_url": "https://github.com/flox/nixpkgs?rev=b40629efe5d6ec48dd1efba650c797ddbd39ace0",
      "name": "clippy-1.93.0",
      "pname": "clippy",
      "rev": "b40629efe5d6ec48dd1efba650c797ddbd39ace0",
      "rev_count": 964859,
      "rev_date": "2026-03-18T08:17:15Z",
      "scrape_date": "2026-03-20T02:16:24.874358Z",
      "stabilities": [
        "staging",
        "unstable"
      ],
      "unfree": false,
      "version": "1.93.0",
      "outputs_to_install": [
        "out"
      ],
      "outputs": {
        "debug": "/nix/store/5v47mbiidhck8rzw141hvmwkh515pfg3-clippy-1.93.0-debug",
        "out": "/nix/store/0yj3hz7imj1zxmppn9gfps8h2jmvdi7g-clippy-1.93.0"
      },
      "system": "x86_64-linux",
      "group": "rust-toolchain",
      "priority": 5
    },
    {
      "attr_path": "rustPlatform.rustLibSrc",
      "broken": false,
      "derivation": "/nix/store/xz19iprk4yz00zp5x5zibwv98jafgf1b-rust-lib-src.drv",
      "install_id": "rust-lib-src",
      "locked_url": "https://github.com/flox/nixpkgs?rev=b40629efe5d6ec48dd1efba650c797ddbd39ace0",
      "name": "rust-lib-src",
      "pname": "rustLibSrc",
      "rev": "b40629efe5d6ec48dd1efba650c797ddbd39ace0",
      "rev_count": 964859,
      "rev_date": "2026-03-18T08:17:15Z",
      "scrape_date": "2026-03-20T02:20:23.595526Z",
      "stabilities": [
        "staging",
        "unstable"
      ],
      "unfree": false,
      "version": "rust-lib-src",
      "outputs_to_install": [
        "out"
      ],
      "outputs": {
        "out": "/nix/store/xqnf1bdi96i044mgfqvw9kll3554nbr9-rust-lib-src"
      },
      "system": "x86_64-linux",
      "group": "rust-toolchain",
      "priority": 5
    },
    {
      "attr_path": "rustc",
      "broken": false,
      "derivation": "/nix/store/gangqlccxfql4my3i8228kr2k4pi4nn4-rustc-wrapper-1.93.0.drv",
      "description": "Safe, concurrent, practical language (wrapper script)",
      "install_id": "rustc",
      "license": "[ MIT, Apache-2.0 ]",
      "locked_url": "https://github.com/flox/nixpkgs?rev=b40629efe5d6ec48dd1efba650c797ddbd39ace0",
      "name": "rustc-wrapper-1.93.0",
      "pname": "rustc",
      "rev": "b40629efe5d6ec48dd1efba650c797ddbd39ace0",
      "rev_count": 964859,
      "rev_date": "2026-03-18T08:17:15Z",
      "scrape_date": "2026-03-20T02:18:41.957546Z",
      "stabilities": [
        "staging",
        "unstable"
      ],
      "unfree": false,
      "version": "1.93.0",
      "outputs_to_install": [
        "man",
        "out"
      ],
      "outputs": {
        "doc": "/nix/store/jxsjbrzcxww6v7g4n4fqcw6sj7z7s3y9-rustc-wrapper-1.93.0-doc",
        "man": "/nix/store/kfxswj02a5bskwnwn3jdz3micybbaw2r-rustc-wrapper-1.93.0-man",
        "out": "/nix/store/rsy1282lj3dg4wdf5d00yvz7f6hjzxin-rustc-wrapper-1.93.0"
      },
      "system": "x86_64-linux",
      "group": "rust-toolchain",
      "priority": 5
    },
    {
      "attr_path": "rustfmt",
      "broken": false,
      "derivation": "/nix/store/v8lzmahd00sw33cc02j819kapd6ns36k-rustfmt-1.93.0.drv",
      "description": "Tool for formatting Rust code according to style guidelines",
      "install_id": "rustfmt",
      "license": "[ MIT, Apache-2.0 ]",
      "locked_url": "https://github.com/flox/nixpkgs?rev=b40629efe5d6ec48dd1efba650c797ddbd39ace0",
      "name": "rustfmt-1.93.0",
      "pname": "rustfmt",
      "rev": "b40629efe5d6ec48dd1efba650c797ddbd39ace0",
      "rev_count": 964859,
      "rev_date": "2026-03-18T08:17:15Z",
      "scrape_date": "2026-03-20T02:18:41.991219Z",
      "stabilities": [
        "staging",
        "unstable"
      ],
      "unfree": false,
      "version": "1.93.0",
      "outputs_to_install": [
        "out"
      ],
      "outputs": {
        "out": "/nix/store/yb62fm7wf3ysn5rnfj2r03snmk9pwwa2-rustfmt-1.93.0"
      },
      "system": "x86_64-linux",
      "group": "rust-toolchain",
      "priority": 5
    },
    {
      "attr_path": "ffmpeg-full",
      "broken": false,
      "derivation": "/nix/store/j6df3gv3sxbfi28c9faz09bdakjshbpc-ffmpeg-full-8.0.1.drv",
      "description": "Complete, cross-platform solution to record, convert and stream audio and video",
      "install_id": "ffmpeg",
      "license": "[ LGPL-2.1-or-later, GPL-2.0-or-later, LGPL-3.0-or-later, GPL-3.0-or-later ]",
      "locked_url": "https://github.com/flox/nixpkgs?rev=b40629efe5d6ec48dd1efba650c797ddbd39ace0",
      "name": "ffmpeg-full-8.0.1",
      "pname": "ffmpeg-full",
      "rev": "b40629efe5d6ec48dd1efba650c797ddbd39ace0",
      "rev_count": 964859,
      "rev_date": "2026-03-18T08:17:15Z",
      "scrape_date": "2026-03-20T02:16:25.994318Z",
      "stabilities": [
        "staging",
        "unstable"
      ],
      "unfree": false,
      "version": "8.0.1",
      "outputs_to_install": [
        "bin",
        "man"
      ],
      "outputs": {
        "bin": "/nix/store/6jq45r5cb08i7sl53cmq4k4i9v55sjgs-ffmpeg-full-8.0.1-bin",
        "data": "/nix/store/7f54lx5914gx55mq2fshszrz9zra8nhr-ffmpeg-full-8.0.1-data",
        "dev": "/nix/store/ml07kxrxq13iv8mzyab78h0f37msyqiq-ffmpeg-full-8.0.1-dev",
        "doc": "/nix/store/9i791rkm3w37gh16jsl216bj02l5y0lh-ffmpeg-full-8.0.1-doc",
        "lib": "/nix/store/9brmxfizhfz9ahsb767wiw44yb8c1hv8-ffmpeg-full-8.0.1-lib",
        "man": "/nix/store/dfk3s2ky1gffaw4csvs8pql58k60rkpq-ffmpeg-full-8.0.1-man",
        "out": "/nix/store/jyg57yz991rfbs5388m541sxnphmcb3i-ffmpeg-full-8.0.1"
      },
      "system": "x86_64-linux",
      "group": "toplevel",
      "priority": 5
    },
    {
      "attr_path": "gcc",
      "broken": false,
      "derivation": "/nix/store/l8kjykqqnkh48cxjhz1p9wh53mb65dpf-gcc-wrapper-15.2.0.drv",
      "description": "GNU Compiler Collection, version 15.2.0 (wrapper script)",
      "install_id": "gcc",
      "license": "GPL-3.0-or-later",
      "locked_url": "https://github.com/flox/nixpkgs?rev=b40629efe5d6ec48dd1efba650c797ddbd39ace0",
      "name": "gcc-wrapper-15.2.0",
      "pname": "gcc",
      "rev": "b40629efe5d6ec48dd1efba650c797ddbd39ace0",
      "rev_count": 964859,
      "rev_date": "2026-03-18T08:17:15Z",
      "scrape_date": "2026-03-20T02:16:26.346223Z",
      "stabilities": [
        "staging",
        "unstable"
      ],
      "unfree": false,
      "version": "15.2.0",
      "outputs_to_install": [
        "man",
        "out",
        "out",
        "out"
      ],
      "outputs": {
        "info": "/nix/store/mj78x8b2vp0q9j6xf7bmvinn3m2csfhp-gcc-wrapper-15.2.0-info",
        "man": "/nix/store/crcj0frpw4i8shmfwgyfx9fsqklf2iq5-gcc-wrapper-15.2.0-man",
        "out": "/nix/store/kbw2j1vag664b3sj3rjwz9v53cqx87sb-gcc-wrapper-15.2.0"
      },
      "system": "x86_64-linux",
      "group": "toplevel",
      "priority": 5
    },
    {
      "attr_path": "libaom",
      "broken": false,
      "derivation": "/nix/store/7bvczisgb42arrm3zpgh67xdrhl597ay-libaom-3.12.1.drv",
      "description": "Alliance for Open Media AV1 codec library",
      "install_id": "libaom",
      "license": "BSD-2-Clause",
      "locked_url": "https://github.com/flox/nixpkgs?rev=b40629efe5d6ec48dd1efba650c797ddbd39ace0",
      "name": "libaom-3.12.1",
      "pname": "libaom",
      "rev": "b40629efe5d6ec48dd1efba650c797ddbd39ace0",
      "rev_count": 964859,
      "rev_date": "2026-03-18T08:17:15Z",
      "scrape_date": "2026-03-20T02:16:50.760396Z",
      "stabilities": [
        "staging",
        "unstable"
      ],
      "unfree": false,
      "version": "3.12.1",
      "outputs_to_install": [
        "bin"
      ],
      "outputs": {
        "bin": "/nix/store/8yai33gqg7d2ii7267xk0dwy5l99g4s0-libaom-3.12.1-bin",
        "dev": "/nix/store/a516fd2g6ypiv8y8pnp8qcgjqc4k48mn-libaom-3.12.1-dev",
        "out": "/nix/store/fahsap19aw4mgkflmv3xi6wzxx17anxp-libaom-3.12.1",
        "static": "/nix/store/zy4w51p5f5lg195n0b8mj3p47j1c2jdx-libaom-3.12.1-static"
      },
      "system": "x86_64-linux",
      "group": "toplevel",
      "priority": 5
    },
    {
      "attr_path": "libclang",
      "broken": false,
      "derivation": "/nix/store/y83wf7499zjqyzgyr21mk4gp5cgzhcfi-clang-21.1.8.drv",
      "description": "C language family frontend for LLVM",
      "install_id": "libclang",
      "license": "[ NCSA, Apache-2.0, LLVM-exception ]",
      "locked_url": "https://github.com/flox/nixpkgs?rev=b40629efe5d6ec48dd1efba650c797ddbd39ace0",
      "name": "clang-21.1.8",
      "pname": "libclang",
      "rev": "b40629efe5d6ec48dd1efba650c797ddbd39ace0",
      "rev_count": 964859,
      "rev_date": "2026-03-18T08:17:15Z",
      "scrape_date": "2026-03-20T02:16:50.906310Z",
      "stabilities": [
        "staging",
        "unstable"
      ],
      "unfree": false,
      "version": "21.1.8",
      "outputs_to_install": [
        "out",
        "out",
        "out"
      ],
      "outputs": {
        "debug": "/nix/store/sxrsyjy8b6m7cp9rpx449qcyqbmi1afj-clang-21.1.8-debug",
        "dev": "/nix/store/isff6p0nv857bfx5zzypvxdkkqk27nwn-clang-21.1.8-dev",
        "lib": "/nix/store/f160pmgwc710rrc5c2vjgach0xfxa4nm-clang-21.1.8-lib",
        "out": "/nix/store/482i7k840pk0cmv6qhf4rf5gyah1lq8l-clang-21.1.8",
        "python": "/nix/store/gp3v36vj8ca08ssyks1ni1fqhy0i2r7h-clang-21.1.8-python"
      },
      "system": "x86_64-linux",
      "group": "toplevel",
      "priority": 5
    },
    {
      "attr_path": "libvpx",
      "broken": false,
      "derivation": "/nix/store/z4yhablzpm7wapjywl360npczaal1w32-libvpx-1.15.2.drv",
      "description": "WebM VP8/VP9 codec SDK",
      "install_id": "libvpx",
      "license": "BSD-3-Clause",
      "locked_url": "https://github.com/flox/nixpkgs?rev=b40629efe5d6ec48dd1efba650c797ddbd39ace0",
      "name": "libvpx-1.15.2",
      "pname": "libvpx",
      "rev": "b40629efe5d6ec48dd1efba650c797ddbd39ace0",
      "rev_count": 964859,
      "rev_date": "2026-03-18T08:17:15Z",
      "scrape_date": "2026-03-20T02:16:52.771934Z",
      "stabilities": [
        "staging",
        "unstable"
      ],
      "unfree": false,
      "version": "1.15.2",
      "outputs_to_install": [
        "bin"
      ],
      "outputs": {
        "bin": "/nix/store/5kx7w0xardb535ndjyin75y51y98aqms-libvpx-1.15.2-bin",
        "dev": "/nix/store/8z5371cwrp4grbnfnr00k8fnfbzwkwfl-libvpx-1.15.2-dev",
        "out": "/nix/store/7nvb5clr8li75nn09gjqihy5mbx3g86i-libvpx-1.15.2"
      },
      "system": "x86_64-linux",
      "group": "toplevel",
      "priority": 5
    },
    {
      "attr_path": "mkvtoolnix-cli",
      "broken": false,
      "derivation": "/nix/store/sllwwp56mixycfrhiw4767qy5bmidgix-mkvtoolnix-97.0.drv",
      "description": "Cross-platform tools for Matroska",
      "install_id": "mkvtoolnix-cli",
      "license": "GPL-2.0-only",
      "locked_url": "https://github.com/flox/nixpkgs?rev=b40629efe5d6ec48dd1efba650c797ddbd39ace0",
      "name": "mkvtoolnix-97.0",
      "pname": "mkvtoolnix-cli",
      "rev": "b40629efe5d6ec48dd1efba650c797ddbd39ace0",
      "rev_count": 964859,
      "rev_date": "2026-03-18T08:17:15Z",
      "scrape_date": "2026-03-20T02:17:04.153966Z",
      "stabilities": [
        "staging",
        "unstable"
      ],
      "unfree": false,
      "version": "97.0",
      "outputs_to_install": [
        "out"
      ],
      "outputs": {
        "out": "/nix/store/77x94a571vryg4sp6366wccg6qvyri0z-mkvtoolnix-97.0"
      },
      "system": "x86_64-linux",
      "group": "toplevel",
      "priority": 5
    },
    {
      "attr_path": "nasm",
      "broken": false,
      "derivation": "/nix/store/gplpv19bpg86zgpazp4w5f8gr54hqjq8-nasm-3.01.drv",
      "description": "80x86 and x86-64 assembler designed for portability and modularity",
      "install_id": "nasm",
      "license": "BSD-2-Clause",
      "locked_url": "https://github.com/flox/nixpkgs?rev=b40629efe5d6ec48dd1efba650c797ddbd39ace0",
      "name": "nasm-3.01",
      "pname": "nasm",
      "rev": "b40629efe5d6ec48dd1efba650c797ddbd39ace0",
      "rev_count": 964859,
      "rev_date": "2026-03-18T08:17:15Z",
      "scrape_date": "2026-03-20T02:17:05.628510Z",
      "stabilities": [
        "staging",
        "unstable"
      ],
      "unfree": false,
      "version": "3.01",
      "outputs_to_install": [
        "out"
      ],
      "outputs": {
        "out": "/nix/store/ka0qxvadprgrzlw05fg0270zp8qy4j48-nasm-3.01"
      },
      "system": "x86_64-linux",
      "group": "toplevel",
      "priority": 5
    },
    {
      "attr_path": "pkg-config",
      "broken": false,
      "derivation": "/nix/store/4sflgpi32p1q6znl8c320hncgs1sp9d5-pkg-config-wrapper-0.29.2.drv",
      "description": "Tool that allows packages to find out information about other packages (wrapper script)",
      "install_id": "pkg-config",
      "license": "GPL-2.0-or-later",
      "locked_url": "https://github.com/flox/nixpkgs?rev=b40629efe5d6ec48dd1efba650c797ddbd39ace0",
      "name": "pkg-config-wrapper-0.29.2",
      "pname": "pkg-config",
      "rev": "b40629efe5d6ec48dd1efba650c797ddbd39ace0",
      "rev_count": 964859,
      "rev_date": "2026-03-18T08:17:15Z",
      "scrape_date": "2026-03-20T02:17:28.571118Z",
      "stabilities": [
        "staging",
        "unstable"
      ],
      "unfree": false,
      "version": "0.29.2",
      "outputs_to_install": [
        "man",
        "out",
        "out",
        "out"
      ],
      "outputs": {
        "doc": "/nix/store/zh2c9sb41q4c62xwfgkk4bspgkas2qjw-pkg-config-wrapper-0.29.2-doc",
        "man": "/nix/store/f69zkr603mis7hkjpbladwhs1s2mz0ch-pkg-config-wrapper-0.29.2-man",
        "out": "/nix/store/1nv3i8mpypy3d516f4pd95m0w72r73jy-pkg-config-wrapper-0.29.2"
      },
      "system": "x86_64-linux",
      "group": "toplevel",
      "priority": 5
    },
    {
      "attr_path": "rav1e",
      "broken": false,
      "derivation": "/nix/store/rxn97q0c7nwzwala55yba5k9mnv4974m-rav1e-0.8.1.drv",
      "description": "Fastest and safest AV1 encoder",
      "install_id": "rav1e",
      "license": "BSD-2-Clause",
      "locked_url": "https://github.com/flox/nixpkgs?rev=b40629efe5d6ec48dd1efba650c797ddbd39ace0",
      "name": "rav1e-0.8.1",
      "pname": "rav1e",
      "rev": "b40629efe5d6ec48dd1efba650c797ddbd39ace0",
      "rev_count": 964859,
      "rev_date": "2026-03-18T08:17:15Z",
      "scrape_date": "2026-03-20T02:18:33.334934Z",
      "stabilities": [
        "staging",
        "unstable"
      ],
      "unfree": false,
      "version": "0.8.1",
      "outputs_to_install": [
        "out",
        "out"
      ],
      "outputs": {
        "out": "/nix/store/7vngfm47rfp6zmf6lw8f50z5n6bmissw-rav1e-0.8.1"
      },
      "system": "x86_64-linux",
      "group": "toplevel",
      "priority": 5
    },
    {
      "attr_path": "svt-av1",
      "broken": false,
      "derivation": "/nix/store/mjfkvcj90ql88p03nvghfx3ahcg62xmy-svt-av1-3.1.2.drv",
      "description": "AV1-compliant encoder/decoder library core",
      "install_id": "svt-av1",
      "license": "[ Alliance for Open Media Patent License 1.0, BSD-3-Clause ]",
      "locked_url": "https://github.com/flox/nixpkgs?rev=b40629efe5d6ec48dd1efba650c797ddbd39ace0",
      "name": "svt-av1-3.1.2",
      "pname": "svt-av1",
      "rev": "b40629efe5d6ec48dd1efba650c797ddbd39ace0",
      "rev_count": 964859,
      "rev_date": "2026-03-18T08:17:15Z",
      "scrape_date": "2026-03-20T02:19:05.537777Z",
      "stabilities": [
        "staging",
        "unstable"
      ],
      "unfree": false,
      "version": "3.1.2",
      "outputs_to_install": [
        "out",
        "out",
        "out"
      ],
      "outputs": {
        "out": "/nix/store/ycv0bdf8bg06p8w6hhsk409c2q91clqb-svt-av1-3.1.2"
      },
      "system": "x86_64-linux",
      "group": "toplevel",
      "priority": 5
    },
    {
      "attr_path": "x264",
      "broken": false,
      "derivation": "/nix/store/hd86q3p96qkxd7nx155fvq479x6ripgx-x264-0-unstable-2025-01-03.drv",
      "description": "Library for encoding H264/AVC video streams",
      "install_id": "x264",
      "license": "GPL-2.0-or-later",
      "locked_url": "https://github.com/flox/nixpkgs?rev=b40629efe5d6ec48dd1efba650c797ddbd39ace0",
      "name": "x264-0-unstable-2025-01-03",
      "pname": "x264",
      "rev": "b40629efe5d6ec48dd1efba650c797ddbd39ace0",
      "rev_count": 964859,
      "rev_date": "2026-03-18T08:17:15Z",
      "scrape_date": "2026-03-20T02:20:18.034627Z",
      "stabilities": [
        "staging",
        "unstable"
      ],
      "unfree": false,
      "version": "2025-01-03",
      "outputs_to_install": [
        "out"
      ],
      "outputs": {
        "dev": "/nix/store/1pi8qpl8mb1s2qswrzpns0s5gx73kmxl-x264-0-unstable-2025-01-03-dev",
        "lib": "/nix/store/qmj3xxhcbpn08lp15kabrnmw6mz1yj5h-x264-0-unstable-2025-01-03-lib",
        "out": "/nix/store/qyw44mmblwzkfxx61djhqcxq9bx69im1-x264-0-unstable-2025-01-03"
      },
      "system": "x86_64-linux",
      "group": "toplevel",
      "priority": 5
    },
    {
      "attr_path": "x265",
      "broken": false,
      "derivation": "/nix/store/s6a7dszf0acqpk81kc1vgq35gd28zaks-x265-4.1.drv",
      "description": "Library for encoding H.265/HEVC video streams",
      "install_id": "x265",
      "license": "GPL-2.0-or-later",
      "locked_url": "https://github.com/flox/nixpkgs?rev=b40629efe5d6ec48dd1efba650c797ddbd39ace0",
      "name": "x265-4.1",
      "pname": "x265",
      "rev": "b40629efe5d6ec48dd1efba650c797ddbd39ace0",
      "rev_count": 964859,
      "rev_date": "2026-03-18T08:17:15Z",
      "scrape_date": "2026-03-20T02:20:18.040057Z",
      "stabilities": [
        "staging",
        "unstable"
      ],
      "unfree": false,
      "version": "4.1",
      "outputs_to_install": [
        "out",
        "out",
        "out"
      ],
      "outputs": {
        "dev": "/nix/store/c5jbdnd32pggwfacjgql5vcx4xm2qyf6-x265-4.1-dev",
        "out": "/nix/store/drba08mg0sbqrsi8phkjbywkj3kn0fac-x265-4.1"
      },
      "system": "x86_64-linux",
      "group": "toplevel",
      "priority": 5
    }
  ]
}
